// !$*UTF8*$!
{
	archiveVersion = 1;
	classes = {
	};
	objectVersion = 55;
	objects = {

/* Begin PBXBuildFile section */
		C4AB5340286441A70026FC5E /* ConfirmIdentityPageApp.swift in Sources */ = {isa = PBXBuildFile; fileRef = C4AB533F286441A70026FC5E /* ConfirmIdentityPageApp.swift */; };
		C4AB5342286441A70026FC5E /* ContentView.swift in Sources */ = {isa = PBXBuildFile; fileRef = C4AB5341286441A70026FC5E /* ContentView.swift */; };
		C4AB5344286441AB0026FC5E /* Assets.xcassets in Resources */ = {isa = PBXBuildFile; fileRef = C4AB5343286441AB0026FC5E /* Assets.xcassets */; };
		C4AB5347286441AB0026FC5E /* Preview Assets.xcassets in Resources */ = {isa = PBXBuildFile; fileRef = C4AB5346286441AB0026FC5E /* Preview Assets.xcassets */; };
		C4AB534E286445340026FC5E /* Color+.swift in Sources */ = {isa = PBXBuildFile; fileRef = C4AB534D286445340026FC5E /* Color+.swift */; };
		C4AB5350286448470026FC5E /* AuthFieldsView.swift in Sources */ = {isa = PBXBuildFile; fileRef = C4AB534F286448470026FC5E /* AuthFieldsView.swift */; };
		C4AB535228644DDD0026FC5E /* ZButton.swift in Sources */ = {isa = PBXBuildFile; fileRef = C4AB535128644DDD0026FC5E /* ZButton.swift */; };
		C4AB5354286469B20026FC5E /* Int_to_Array.swift in Sources */ = {isa = PBXBuildFile; fileRef = C4AB5353286469B20026FC5E /* Int_to_Array.swift */; };
		C4AB5356286473640026FC5E /* OtpViewModel.swift in Sources */ = {isa = PBXBuildFile; fileRef = C4AB5355286473630026FC5E /* OtpViewModel.swift */; };
		C4AB5358286585900026FC5E /* LockIcon.swift in Sources */ = {isa = PBXBuildFile; fileRef = C4AB53572865858F0026FC5E /* LockIcon.swift */; };
		C4AB535A28659ABF0026FC5E /* Example.swift in Sources */ = {isa = PBXBuildFile; fileRef = C4AB535928659ABE0026FC5E /* Example.swift */; };
/* End PBXBuildFile section */

/* Begin PBXFileReference section */
		C4AB533C286441A70026FC5E /* ConfirmIdentityPage.app */ = {isa = PBXFileReference; explicitFileType = wrapper.application; includeInIndex = 0; path = ConfirmIdentityPage.app; sourceTree = BUILT_PRODUCTS_DIR; };
		C4AB533F286441A70026FC5E /* ConfirmIdentityPageApp.swift */ = {isa = PBXFileReference; lastKnownFileType = sourcecode.swift; path = ConfirmIdentityPageApp.swift; sourceTree = "<group>"; };
		C4AB5341286441A70026FC5E /* ContentView.swift */ = {isa = PBXFileReference; lastKnownFileType = sourcecode.swift; path = ContentView.swift; sourceTree = "<group>"; wrapsLines = 0; };
		C4AB5343286441AB0026FC5E /* Assets.xcassets */ = {isa = PBXFileReference; lastKnownFileType = folder.assetcatalog; path = Assets.xcassets; sourceTree = "<group>"; };
		C4AB5346286441AB0026FC5E /* Preview Assets.xcassets */ = {isa = PBXFileReference; lastKnownFileType = folder.assetcatalog; path = "Preview Assets.xcassets"; sourceTree = "<group>"; };
		C4AB534D286445340026FC5E /* Color+.swift */ = {isa = PBXFileReference; lastKnownFileType = sourcecode.swift; path = "Color+.swift"; sourceTree = "<group>"; };
		C4AB534F286448470026FC5E /* AuthFieldsView.swift */ = {isa = PBXFileReference; lastKnownFileType = sourcecode.swift; path = AuthFieldsView.swift; sourceTree = "<group>"; };
		C4AB535128644DDD0026FC5E /* ZButton.swift */ = {isa = PBXFileReference; lastKnownFileType = sourcecode.swift; path = ZButton.swift; sourceTree = "<group>"; };
		C4AB5353286469B20026FC5E /* Int_to_Array.swift */ = {isa = PBXFileReference; lastKnownFileType = sourcecode.swift; path = Int_to_Array.swift; sourceTree = "<group>"; };
		C4AB5355286473630026FC5E /* OtpViewModel.swift */ = {isa = PBXFileReference; lastKnownFileType = sourcecode.swift; path = OtpViewModel.swift; sourceTree = "<group>"; };
		C4AB53572865858F0026FC5E /* LockIcon.swift */ = {isa = PBXFileReference; lastKnownFileType = sourcecode.swift; path = LockIcon.swift; sourceTree = "<group>"; };
		C4AB535928659ABE0026FC5E /* Example.swift */ = {isa = PBXFileReference; lastKnownFileType = sourcecode.swift; path = Example.swift; sourceTree = "<group>"; };
/* End PBXFileReference section */

/* Begin PBXFrameworksBuildPhase section */
		C4AB5339286441A70026FC5E /* Frameworks */ = {
			isa = PBXFrameworksBuildPhase;
			buildActionMask = 2147483647;
			files = (
			);
			runOnlyForDeploymentPostprocessing = 0;
		};
/* End PBXFrameworksBuildPhase section */

/* Begin PBXGroup section */
		C4AB5333286441A70026FC5E = {
			isa = PBXGroup;
			children = (
				C4AB533E286441A70026FC5E /* ConfirmIdentityPage */,
				C4AB533D286441A70026FC5E /* Products */,
			);
			sourceTree = "<group>";
			wrapsLines = 0;
		};
		C4AB533D286441A70026FC5E /* Products */ = {
			isa = PBXGroup;
			children = (
				C4AB533C286441A70026FC5E /* ConfirmIdentityPage.app */,
			);
			name = Products;
			sourceTree = "<group>";
		};
		C4AB533E286441A70026FC5E /* ConfirmIdentityPage */ = {
			isa = PBXGroup;
			children = (
				C4AB533F286441A70026FC5E /* ConfirmIdentityPageApp.swift */,
				C4AB535128644DDD0026FC5E /* ZButton.swift */,
				C4AB535928659ABE0026FC5E /* Example.swift */,
				C4AB5341286441A70026FC5E /* ContentView.swift */,
				C4AB5355286473630026FC5E /* OtpViewModel.swift */,
				C4AB534F286448470026FC5E /* AuthFieldsView.swift */,
				C4AB53572865858F0026FC5E /* LockIcon.swift */,
				C4AB5353286469B20026FC5E /* Int_to_Array.swift */,
				C4AB534D286445340026FC5E /* Color+.swift */,
				C4AB5343286441AB0026FC5E /* Assets.xcassets */,
				C4AB5345286441AB0026FC5E /* Preview Content */,
			);
			path = ConfirmIdentityPage;
			sourceTree = "<group>";
		};
		C4AB5345286441AB0026FC5E /* Preview Content */ = {
			isa = PBXGroup;
			children = (
				C4AB5346286441AB0026FC5E /* Preview Assets.xcassets */,
			);
			path = "Preview Content";
			sourceTree = "<group>";
		};
/* End PBXGroup section */

/* Begin PBXNativeTarget section */
		C4AB533B286441A70026FC5E /* ConfirmIdentityPage */ = {
			isa = PBXNativeTarget;
			buildConfigurationList = C4AB534A286441AB0026FC5E /* Build configuration list for PBXNativeTarget "ConfirmIdentityPage" */;
			buildPhases = (
				C4AB5338286441A70026FC5E /* Sources */,
				C4AB5339286441A70026FC5E /* Frameworks */,
				C4AB533A286441A70026FC5E /* Resources */,
			);
			buildRules = (
			);
			dependencies = (
			);
			name = ConfirmIdentityPage;
			productName = ConfirmIdentityPage;
			productReference = C4AB533C286441A70026FC5E /* ConfirmIdentityPage.app */;
			productType = "com.apple.product-type.application";
		};
/* End PBXNativeTarget section */

/* Begin PBXProject section */
		C4AB5334286441A70026FC5E /* Project object */ = {
			isa = PBXProject;
			attributes = {
				BuildIndependentTargetsInParallel = 1;
				LastSwiftUpdateCheck = 1340;
				LastUpgradeCheck = 1340;
				TargetAttributes = {
					C4AB533B286441A70026FC5E = {
						CreatedOnToolsVersion = 13.4.1;
					};
				};
			};
			buildConfigurationList = C4AB5337286441A70026FC5E /* Build configuration list for PBXProject "ConfirmIdentityPage" */;
			compatibilityVersion = "Xcode 13.0";
			developmentRegion = en;
			hasScannedForEncodings = 0;
			knownRegions = (
				en,
				Base,
			);
			mainGroup = C4AB5333286441A70026FC5E;
			productRefGroup = C4AB533D286441A70026FC5E /* Products */;
			projectDirPath = "";
			projectRoot = "";
			targets = (
				C4AB533B286441A70026FC5E /* ConfirmIdentityPage */,
			);
		};
/* End PBXProject section */

/* Begin PBXResourcesBuildPhase section */
		C4AB533A286441A70026FC5E /* Resources */ = {
			isa = PBXResourcesBuildPhase;
			buildActionMask = 2147483647;
			files = (
				C4AB5347286441AB0026FC5E /* Preview Assets.xcassets in Resources */,
				C4AB5344286441AB0026FC5E /* Assets.xcassets in Resources */,
			);
			runOnlyForDeploymentPostprocessing = 0;
		};
/* End PBXResourcesBuildPhase section */

/* Begin PBXSourcesBuildPhase section */
		C4AB5338286441A70026FC5E /* Sources */ = {
			isa = PBXSourcesBuildPhase;
			buildActionMask = 2147483647;
			files = (
				C4AB5356286473640026FC5E /* OtpViewModel.swift in Sources */,
				C4AB5354286469B20026FC5E /* Int_to_Array.swift in Sources */,
				C4AB5342286441A70026FC5E /* ContentView.swift in Sources */,
				C4AB5358286585900026FC5E /* LockIcon.swift in Sources */,
				C4AB535228644DDD0026FC5E /* ZButton.swift in Sources */,
				C4AB534E286445340026FC5E /* Color+.swift in Sources */,
				C4AB5340286441A70026FC5E /* ConfirmIdentityPageApp.swift in Sources */,
				C4AB5350286448470026FC5E /* AuthFieldsView.swift in Sources */,
				C4AB535A28659ABF0026FC5E /* Example.swift in Sources */,
			);
			runOnlyForDeploymentPostprocessing = 0;
		};
/* End PBXSourcesBuildPhase section */

/* Begin XCBuildConfiguration section */
		C4AB5348286441AB0026FC5E /* Debug */ = {
			isa = XCBuildConfiguration;
			buildSettings = {
				ALWAYS_SEARCH_USER_PATHS = NO;
				CLANG_ANALYZER_NONNULL = YES;
				CLANG_ANALYZER_NUMBER_OBJECT_CONVERSION = YES_AGGRESSIVE;
				CLANG_CXX_LANGUAGE_STANDARD = "gnu++17";
				CLANG_ENABLE_MODULES = YES;
				CLANG_ENABLE_OBJC_ARC = YES;
				CLANG_ENABLE_OBJC_WEAK = YES;
				CLANG_WARN_BLOCK_CAPTURE_AUTORELEASING = YES;
				CLANG_WARN_BOOL_CONVERSION = YES;
				CLANG_WARN_COMMA = YES;
				CLANG_WARN_CONSTANT_CONVERSION = YES;
				CLANG_WARN_DEPRECATED_OBJC_IMPLEMENTATIONS = YES;
				CLANG_WARN_DIRECT_OBJC_ISA_USAGE = YES_ERROR;
				CLANG_WARN_DOCUMENTATION_COMMENTS = YES;
				CLANG_WARN_EMPTY_BODY = YES;
				CLANG_WARN_ENUM_CONVERSION = YES;
				CLANG_WARN_INFINITE_RECURSION = YES;
				CLANG_WARN_INT_CONVERSION = YES;
				CLANG_WARN_NON_LITERAL_NULL_CONVERSION = YES;
				CLANG_WARN_OBJC_IMPLICIT_RETAIN_SELF = YES;
				CLANG_WARN_OBJC_LITERAL_CONVERSION = YES;
				CLANG_WARN_OBJC_ROOT_CLASS = YES_ERROR;
				CLANG_WARN_QUOTED_INCLUDE_IN_FRAMEWORK_HEADER = YES;
				CLANG_WARN_RANGE_LOOP_ANALYSIS = YES;
				CLANG_WARN_STRICT_PROTOTYPES = YES;
				CLANG_WARN_SUSPICIOUS_MOVE = YES;
				CLANG_WARN_UNGUARDED_AVAILABILITY = YES_AGGRESSIVE;
				CLANG_WARN_UNREACHABLE_CODE = YES;
				CLANG_WARN__DUPLICATE_METHOD_MATCH = YES;
				COPY_PHASE_STRIP = NO;
				DEBUG_INFORMATION_FORMAT = dwarf;
				ENABLE_STRICT_OBJC_MSGSEND = YES;
				ENABLE_TESTABILITY = YES;
				GCC_C_LANGUAGE_STANDARD = gnu11;
				GCC_DYNAMIC_NO_PIC = NO;
				GCC_NO_COMMON_BLOCKS = YES;
				GCC_OPTIMIZATION_LEVEL = 0;
				GCC_PREPROCESSOR_DEFINITIONS = (
					"DEBUG=1",
					"$(inherited)",
				);
				GCC_WARN_64_TO_32_BIT_CONVERSION = YES;
				GCC_WARN_ABOUT_RETURN_TYPE = YES_ERROR;
				GCC_WARN_UNDECLARED_SELECTOR = YES;
				GCC_WARN_UNINITIALIZED_AUTOS = YES_AGGRESSIVE;
				GCC_WARN_UNUSED_FUNCTION = YES;
				GCC_WARN_UNUSED_VARIABLE = YES;
				IPHONEOS_DEPLOYMENT_TARGET = 15.0;
				MTL_ENABLE_DEBUG_INFO = INCLUDE_SOURCE;
				MTL_FAST_MATH = YES;
				ONLY_ACTIVE_ARCH = YES;
				SDKROOT = iphoneos;
				SWIFT_ACTIVE_COMPILATION_CONDITIONS = DEBUG;
				SWIFT_OPTIMIZATION_LEVEL = "-Onone";
			};
			name = Debug;
		};
		C4AB5349286441AB0026FC5E /* Release */ = {
			isa = XCBuildConfiguration;
			buildSettings = {
				ALWAYS_SEARCH_USER_PATHS = NO;
				CLANG_ANALYZER_NONNULL = YES;
				CLANG_ANALYZER_NUMBER_OBJECT_CONVERSION = YES_AGGRESSIVE;
				CLANG_CXX_LANGUAGE_STANDARD = "gnu++17";
				CLANG_ENABLE_MODULES = YES;
				CLANG_ENABLE_OBJC_ARC = YES;
				CLANG_ENABLE_OBJC_WEAK = YES;
				CLANG_WARN_BLOCK_CAPTURE_AUTORELEASING = YES;
				CLANG_WARN_BOOL_CONVERSION = YES;
				CLANG_WARN_COMMA = YES;
				CLANG_WARN_CONSTANT_CONVERSION = YES;
				CLANG_WARN_DEPRECATED_OBJC_IMPLEMENTATIONS = YES;
				CLANG_WARN_DIRECT_OBJC_ISA_USAGE = YES_ERROR;
				CLANG_WARN_DOCUMENTATION_COMMENTS = YES;
				CLANG_WARN_EMPTY_BODY = YES;
				CLANG_WARN_ENUM_CONVERSION = YES;
				CLANG_WARN_INFINITE_RECURSION = YES;
				CLANG_WARN_INT_CONVERSION = YES;
				CLANG_WARN_NON_LITERAL_NULL_CONVERSION = YES;
				CLANG_WARN_OBJC_IMPLICIT_RETAIN_SELF = YES;
				CLANG_WARN_OBJC_LITERAL_CONVERSION = YES;
				CLANG_WARN_OBJC_ROOT_CLASS = YES_ERROR;
				CLANG_WARN_QUOTED_INCLUDE_IN_FRAMEWORK_HEADER = YES;
				CLANG_WARN_RANGE_LOOP_ANALYSIS = YES;
				CLANG_WARN_STRICT_PROTOTYPES = YES;
				CLANG_WARN_SUSPICIOUS_MOVE = YES;
				CLANG_WARN_UNGUARDED_AVAILABILITY = YES_AGGRESSIVE;
				CLANG_WARN_UNREACHABLE_CODE = YES;
				CLANG_WARN__DUPLICATE_METHOD_MATCH = YES;
				COPY_PHASE_STRIP = NO;
				DEBUG_INFORMATION_FORMAT = "dwarf-with-dsym";
				ENABLE_NS_ASSERTIONS = NO;
				ENABLE_STRICT_OBJC_MSGSEND = YES;
				GCC_C_LANGUAGE_STANDARD = gnu11;
				GCC_NO_COMMON_BLOCKS = YES;
				GCC_WARN_64_TO_32_BIT_CONVERSION = YES;
				GCC_WARN_ABOUT_RETURN_TYPE = YES_ERROR;
				GCC_WARN_UNDECLARED_SELECTOR = YES;
				GCC_WARN_UNINITIALIZED_AUTOS = YES_AGGRESSIVE;
				GCC_WARN_UNUSED_FUNCTION = YES;
				GCC_WARN_UNUSED_VARIABLE = YES;
				IPHONEOS_DEPLOYMENT_TARGET = 15.0;
				MTL_ENABLE_DEBUG_INFO = NO;
				MTL_FAST_MATH = YES;
				SDKROOT = iphoneos;
				SWIFT_COMPILATION_MODE = wholemodule;
				SWIFT_OPTIMIZATION_LEVEL = "-O";
				VALIDATE_PRODUCT = YES;
			};
			name = Release;
		};
		C4AB534B286441AB0026FC5E /* Debug */ = {
			isa = XCBuildConfiguration;
			buildSettings = {
				ASSETCATALOG_COMPILER_APPICON_NAME = AppIcon;
				ASSETCATALOG_COMPILER_GLOBAL_ACCENT_COLOR_NAME = AccentColor;
				CODE_SIGN_STYLE = Automatic;
				CURRENT_PROJECT_VERSION = 1;
				DEVELOPMENT_ASSET_PATHS = "\"ConfirmIdentityPage/Preview Content\"";
				ENABLE_PREVIEWS = YES;
				GENERATE_INFOPLIST_FILE = YES;
				INFOPLIST_KEY_UIApplicationSceneManifest_Generation = YES;
				INFOPLIST_KEY_UIApplicationSupportsIndirectInputEvents = YES;
				INFOPLIST_KEY_UILaunchScreen_Generation = YES;
				INFOPLIST_KEY_UISupportedInterfaceOrientations_iPad = "UIInterfaceOrientationPortrait UIInterfaceOrientationPortraitUpsideDown UIInterfaceOrientationLandscapeLeft UIInterfaceOrientationLandscapeRight";
				INFOPLIST_KEY_UISupportedInterfaceOrientations_iPhone = "UIInterfaceOrientationPortrait UIInterfaceOrientationLandscapeLeft UIInterfaceOrientationLandscapeRight";
				IPHONEOS_DEPLOYMENT_TARGET = 15.0;
				LD_RUNPATH_SEARCH_PATHS = (
					"$(inherited)",
					"@executable_path/Frameworks",
				);
				MARKETING_VERSION = 1.0;
				PRODUCT_BUNDLE_IDENTIFIER = com.navaneethan.g.ConfirmIdentityPage;
				PRODUCT_NAME = "$(TARGET_NAME)";
				SWIFT_EMIT_LOC_STRINGS = YES;
				SWIFT_VERSION = 5.0;
				TARGETED_DEVICE_FAMILY = "1,2";
			};
			name = Debug;
		};
		C4AB534C286441AB0026FC5E /* Release */ = {
			isa = XCBuildConfiguration;
			buildSettings = {
				ASSETCATALOG_COMPILER_APPICON_NAME = AppIcon;
				ASSETCATALOG_COMPILER_GLOBAL_ACCENT_COLOR_NAME = AccentColor;
				CODE_SIGN_STYLE = Automatic;
				CURRENT_PROJECT_VERSION = 1;
				DEVELOPMENT_ASSET_PATHS = "\"ConfirmIdentityPage/Preview Content\"";
				ENABLE_PREVIEWS = YES;
				GENERATE_INFOPLIST_FILE = YES;
				INFOPLIST_KEY_UIApplicationSceneManifest_Generation = YES;
				INFOPLIST_KEY_UIApplicationSupportsIndirectInputEvents = YES;
				INFOPLIST_KEY_UILaunchScreen_Generation = YES;
				INFOPLIST_KEY_UISupportedInterfaceOrientations_iPad = "UIInterfaceOrientationPortrait UIInterfaceOrientationPortraitUpsideDown UIInterfaceOrientationLandscapeLeft UIInterfaceOrientationLandscapeRight";
				INFOPLIST_KEY_UISupportedInterfaceOrientations_iPhone = "UIInterfaceOrientationPortrait UIInterfaceOrientationLandscapeLeft UIInterfaceOrientationLandscapeRight";
				IPHONEOS_DEPLOYMENT_TARGET = 15.0;
				LD_RUNPATH_SEARCH_PATHS = (
					"$(inherited)",
					"@executable_path/Frameworks",
				);
				MARKETING_VERSION = 1.0;
				PRODUCT_BUNDLE_IDENTIFIER = com.navaneethan.g.ConfirmIdentityPage;
				PRODUCT_NAME = "$(TARGET_NAME)";
				SWIFT_EMIT_LOC_STRINGS = YES;
				SWIFT_VERSION = 5.0;
				TARGETED_DEVICE_FAMILY = "1,2";
			};
			name = Release;
		};
/* End XCBuildConfiguration section */

/* Begin XCConfigurationList section */
		C4AB5337286441A70026FC5E /* Build configuration list for PBXProject "ConfirmIdentityPage" */ = {
			isa = XCConfigurationList;
			buildConfigurations = (
				C4AB5348286441AB0026FC5E /* Debug */,
				C4AB5349286441AB0026FC5E /* Release */,
			);
			defaultConfigurationIsVisible = 0;
			defaultConfigurationName = Release;
		};
		C4AB534A286441AB0026FC5E /* Build configuration list for PBXNativeTarget "ConfirmIdentityPage" */ = {
			isa = XCConfigurationList;
			buildConfigurations = (
				C4AB534B286441AB0026FC5E /* Debug */,
				C4AB534C286441AB0026FC5E /* Release */,
			);
			defaultConfigurationIsVisible = 0;
			defaultConfigurationName = Release;
		};
/* End XCConfigurationList section */
	};
	rootObject = C4AB5334286441A70026FC5E /* Project object */;
}
