// !$*UTF8*$!
{
	archiveVersion = 1;
	classes = {
	};
	objectVersion = 55;
	objects = {

/* Begin PBXBuildFile section */
		C491120227CFA14F00AD93F4 /* AppDelegate.swift in Sources */ = {isa = PBXBuildFile; fileRef = C491120127CFA14F00AD93F4 /* AppDelegate.swift */; };
		C491120627CFA14F00AD93F4 /* ViewController.swift in Sources */ = {isa = PBXBuildFile; fileRef = C491120527CFA14F00AD93F4 /* ViewController.swift */; };
		C491120B27CFA15100AD93F4 /* Assets.xcassets in Resources */ = {isa = PBXBuildFile; fileRef = C491120A27CFA15100AD93F4 /* Assets.xcassets */; };
		C491120E27CFA15100AD93F4 /* LaunchScreen.storyboard in Resources */ = {isa = PBXBuildFile; fileRef = C491120C27CFA15100AD93F4 /* LaunchScreen.storyboard */; };
		C491121C27CFA3AE00AD93F4 /* WidgetKit.framework in Frameworks */ = {isa = PBXBuildFile; fileRef = C491121B27CFA3AE00AD93F4 /* WidgetKit.framework */; };
		C491121E27CFA3AE00AD93F4 /* SwiftUI.framework in Frameworks */ = {isa = PBXBuildFile; fileRef = C491121D27CFA3AE00AD93F4 /* SwiftUI.framework */; };
		C491122127CFA3AE00AD93F4 /* sampleWidget.swift in Sources */ = {isa = PBXBuildFile; fileRef = C491122027CFA3AE00AD93F4 /* sampleWidget.swift */; };
		C491122427CFA3B000AD93F4 /* Assets.xcassets in Resources */ = {isa = PBXBuildFile; fileRef = C491122327CFA3B000AD93F4 /* Assets.xcassets */; };
		C491122627CFA3B000AD93F4 /* sampleWidget.intentdefinition in Sources */ = {isa = PBXBuildFile; fileRef = C491122227CFA3AE00AD93F4 /* sampleWidget.intentdefinition */; };
		C491122727CFA3B000AD93F4 /* sampleWidget.intentdefinition in Sources */ = {isa = PBXBuildFile; fileRef = C491122227CFA3AE00AD93F4 /* sampleWidget.intentdefinition */; };
		C491122A27CFA3B000AD93F4 /* sampleWidgetExtension.appex in Embed App Extensions */ = {isa = PBXBuildFile; fileRef = C491121927CFA3AE00AD93F4 /* sampleWidgetExtension.appex */; settings = {ATTRIBUTES = (RemoveHeadersOnCopy, ); }; };
/* End PBXBuildFile section */

/* Begin PBXContainerItemProxy section */
		C491122827CFA3B000AD93F4 /* PBXContainerItemProxy */ = {
			isa = PBXContainerItemProxy;
			containerPortal = C49111F627CFA14F00AD93F4 /* Project object */;
			proxyType = 1;
			remoteGlobalIDString = C491121827CFA3AE00AD93F4;
			remoteInfo = sampleWidgetExtension;
		};
/* End PBXContainerItemProxy section */

/* Begin PBXCopyFilesBuildPhase section */
		C491122E27CFA3B000AD93F4 /* Embed App Extensions */ = {
			isa = PBXCopyFilesBuildPhase;
			buildActionMask = 2147483647;
			dstPath = "";
			dstSubfolderSpec = 13;
			files = (
				C491122A27CFA3B000AD93F4 /* sampleWidgetExtension.appex in Embed App Extensions */,
			);
			name = "Embed App Extensions";
			runOnlyForDeploymentPostprocessing = 0;
		};
/* End PBXCopyFilesBuildPhase section */

/* Begin PBXFileReference section */
		C46E10F827CFC7DD0046FF22 /* sampleWidgetExtension.entitlements */ = {isa = PBXFileReference; lastKnownFileType = text.plist.entitlements; path = sampleWidgetExtension.entitlements; sourceTree = "<group>"; };
		C49111FE27CFA14F00AD93F4 /* SwiftWidgets.app */ = {isa = PBXFileReference; explicitFileType = wrapper.application; includeInIndex = 0; path = SwiftWidgets.app; sourceTree = BUILT_PRODUCTS_DIR; };
		C491120127CFA14F00AD93F4 /* AppDelegate.swift */ = {isa = PBXFileReference; lastKnownFileType = sourcecode.swift; path = AppDelegate.swift; sourceTree = "<group>"; };
		C491120527CFA14F00AD93F4 /* ViewController.swift */ = {isa = PBXFileReference; lastKnownFileType = sourcecode.swift; path = ViewController.swift; sourceTree = "<group>"; };
		C491120A27CFA15100AD93F4 /* Assets.xcassets */ = {isa = PBXFileReference; lastKnownFileType = folder.assetcatalog; path = Assets.xcassets; sourceTree = "<group>"; };
		C491120D27CFA15100AD93F4 /* Base */ = {isa = PBXFileReference; lastKnownFileType = file.storyboard; name = Base; path = Base.lproj/LaunchScreen.storyboard; sourceTree = "<group>"; };
		C491120F27CFA15100AD93F4 /* Info.plist */ = {isa = PBXFileReference; lastKnownFileType = text.plist.xml; path = Info.plist; sourceTree = "<group>"; };
		C491121927CFA3AE00AD93F4 /* sampleWidgetExtension.appex */ = {isa = PBXFileReference; explicitFileType = "wrapper.app-extension"; includeInIndex = 0; path = sampleWidgetExtension.appex; sourceTree = BUILT_PRODUCTS_DIR; };
		C491121B27CFA3AE00AD93F4 /* WidgetKit.framework */ = {isa = PBXFileReference; lastKnownFileType = wrapper.framework; name = WidgetKit.framework; path = System/Library/Frameworks/WidgetKit.framework; sourceTree = SDKROOT; };
		C491121D27CFA3AE00AD93F4 /* SwiftUI.framework */ = {isa = PBXFileReference; lastKnownFileType = wrapper.framework; name = SwiftUI.framework; path = System/Library/Frameworks/SwiftUI.framework; sourceTree = SDKROOT; };
		C491122027CFA3AE00AD93F4 /* sampleWidget.swift */ = {isa = PBXFileReference; lastKnownFileType = sourcecode.swift; path = sampleWidget.swift; sourceTree = "<group>"; };
		C491122227CFA3AE00AD93F4 /* sampleWidget.intentdefinition */ = {isa = PBXFileReference; lastKnownFileType = file.intentdefinition; path = sampleWidget.intentdefinition; sourceTree = "<group>"; };
		C491122327CFA3B000AD93F4 /* Assets.xcassets */ = {isa = PBXFileReference; lastKnownFileType = folder.assetcatalog; path = Assets.xcassets; sourceTree = "<group>"; };
		C491122527CFA3B000AD93F4 /* Info.plist */ = {isa = PBXFileReference; lastKnownFileType = text.plist.xml; path = Info.plist; sourceTree = "<group>"; };
		C491122F27CFAA4900AD93F4 /* SwiftWidgets.entitlements */ = {isa = PBXFileReference; lastKnownFileType = text.plist.entitlements; path = SwiftWidgets.entitlements; sourceTree = "<group>"; };
/* End PBXFileReference section */

/* Begin PBXFrameworksBuildPhase section */
		C49111FB27CFA14F00AD93F4 /* Frameworks */ = {
			isa = PBXFrameworksBuildPhase;
			buildActionMask = 2147483647;
			files = (
			);
			runOnlyForDeploymentPostprocessing = 0;
		};
		C491121627CFA3AE00AD93F4 /* Frameworks */ = {
			isa = PBXFrameworksBuildPhase;
			buildActionMask = 2147483647;
			files = (
				C491121E27CFA3AE00AD93F4 /* SwiftUI.framework in Frameworks */,
				C491121C27CFA3AE00AD93F4 /* WidgetKit.framework in Frameworks */,
			);
			runOnlyForDeploymentPostprocessing = 0;
		};
/* End PBXFrameworksBuildPhase section */

/* Begin PBXGroup section */
		C49111F527CFA14F00AD93F4 = {
			isa = PBXGroup;
			children = (
				C46E10F827CFC7DD0046FF22 /* sampleWidgetExtension.entitlements */,
				C491120027CFA14F00AD93F4 /* SwiftWidgets */,
				C491121F27CFA3AE00AD93F4 /* sampleWidget */,
				C491121A27CFA3AE00AD93F4 /* Frameworks */,
				C49111FF27CFA14F00AD93F4 /* Products */,
			);
			sourceTree = "<group>";
		};
		C49111FF27CFA14F00AD93F4 /* Products */ = {
			isa = PBXGroup;
			children = (
				C49111FE27CFA14F00AD93F4 /* SwiftWidgets.app */,
				C491121927CFA3AE00AD93F4 /* sampleWidgetExtension.appex */,
			);
			name = Products;
			sourceTree = "<group>";
		};
		C491120027CFA14F00AD93F4 /* SwiftWidgets */ = {
			isa = PBXGroup;
			children = (
				C491122F27CFAA4900AD93F4 /* SwiftWidgets.entitlements */,
				C491120127CFA14F00AD93F4 /* AppDelegate.swift */,
				C491120527CFA14F00AD93F4 /* ViewController.swift */,
				C491120A27CFA15100AD93F4 /* Assets.xcassets */,
				C491120C27CFA15100AD93F4 /* LaunchScreen.storyboard */,
				C491120F27CFA15100AD93F4 /* Info.plist */,
			);
			path = SwiftWidgets;
			sourceTree = "<group>";
		};
		C491121A27CFA3AE00AD93F4 /* Frameworks */ = {
			isa = PBXGroup;
			children = (
				C491121B27CFA3AE00AD93F4 /* WidgetKit.framework */,
				C491121D27CFA3AE00AD93F4 /* SwiftUI.framework */,
			);
			name = Frameworks;
			sourceTree = "<group>";
		};
		C491121F27CFA3AE00AD93F4 /* sampleWidget */ = {
			isa = PBXGroup;
			children = (
				C491122027CFA3AE00AD93F4 /* sampleWidget.swift */,
				C491122227CFA3AE00AD93F4 /* sampleWidget.intentdefinition */,
				C491122327CFA3B000AD93F4 /* Assets.xcassets */,
				C491122527CFA3B000AD93F4 /* Info.plist */,
			);
			path = sampleWidget;
			sourceTree = "<group>";
		};
/* End PBXGroup section */

/* Begin PBXNativeTarget section */
		C49111FD27CFA14F00AD93F4 /* SwiftWidgets */ = {
			isa = PBXNativeTarget;
			buildConfigurationList = C491121227CFA15100AD93F4 /* Build configuration list for PBXNativeTarget "SwiftWidgets" */;
			buildPhases = (
				C49111FA27CFA14F00AD93F4 /* Sources */,
				C49111FB27CFA14F00AD93F4 /* Frameworks */,
				C49111FC27CFA14F00AD93F4 /* Resources */,
				C491122E27CFA3B000AD93F4 /* Embed App Extensions */,
			);
			buildRules = (
			);
			dependencies = (
				C491122927CFA3B000AD93F4 /* PBXTargetDependency */,
			);
			name = SwiftWidgets;
			productName = SwiftWidgets;
			productReference = C49111FE27CFA14F00AD93F4 /* SwiftWidgets.app */;
			productType = "com.apple.product-type.application";
		};
		C491121827CFA3AE00AD93F4 /* sampleWidgetExtension */ = {
			isa = PBXNativeTarget;
			buildConfigurationList = C491122B27CFA3B000AD93F4 /* Build configuration list for PBXNativeTarget "sampleWidgetExtension" */;
			buildPhases = (
				C491121527CFA3AE00AD93F4 /* Sources */,
				C491121627CFA3AE00AD93F4 /* Frameworks */,
				C491121727CFA3AE00AD93F4 /* Resources */,
			);
			buildRules = (
			);
			dependencies = (
			);
			name = sampleWidgetExtension;
			productName = sampleWidgetExtension;
			productReference = C491121927CFA3AE00AD93F4 /* sampleWidgetExtension.appex */;
			productType = "com.apple.product-type.app-extension";
		};
/* End PBXNativeTarget section */

/* Begin PBXProject section */
		C49111F627CFA14F00AD93F4 /* Project object */ = {
			isa = PBXProject;
			attributes = {
				BuildIndependentTargetsInParallel = 1;
				LastSwiftUpdateCheck = 1320;
				LastUpgradeCheck = 1320;
				TargetAttributes = {
					C49111FD27CFA14F00AD93F4 = {
						CreatedOnToolsVersion = 13.2.1;
					};
					C491121827CFA3AE00AD93F4 = {
						CreatedOnToolsVersion = 13.2.1;
					};
				};
			};
			buildConfigurationList = C49111F927CFA14F00AD93F4 /* Build configuration list for PBXProject "SwiftWidgets" */;
			compatibilityVersion = "Xcode 13.0";
			developmentRegion = en;
			hasScannedForEncodings = 0;
			knownRegions = (
				en,
				Base,
			);
			mainGroup = C49111F527CFA14F00AD93F4;
			productRefGroup = C49111FF27CFA14F00AD93F4 /* Products */;
			projectDirPath = "";
			projectRoot = "";
			targets = (
				C49111FD27CFA14F00AD93F4 /* SwiftWidgets */,
				C491121827CFA3AE00AD93F4 /* sampleWidgetExtension */,
			);
		};
/* End PBXProject section */

/* Begin PBXResourcesBuildPhase section */
		C49111FC27CFA14F00AD93F4 /* Resources */ = {
			isa = PBXResourcesBuildPhase;
			buildActionMask = 2147483647;
			files = (
				C491120E27CFA15100AD93F4 /* LaunchScreen.storyboard in Resources */,
				C491120B27CFA15100AD93F4 /* Assets.xcassets in Resources */,
			);
			runOnlyForDeploymentPostprocessing = 0;
		};
		C491121727CFA3AE00AD93F4 /* Resources */ = {
			isa = PBXResourcesBuildPhase;
			buildActionMask = 2147483647;
			files = (
				C491122427CFA3B000AD93F4 /* Assets.xcassets in Resources */,
			);
			runOnlyForDeploymentPostprocessing = 0;
		};
/* End PBXResourcesBuildPhase section */

/* Begin PBXSourcesBuildPhase section */
		C49111FA27CFA14F00AD93F4 /* Sources */ = {
			isa = PBXSourcesBuildPhase;
			buildActionMask = 2147483647;
			files = (
				C491120627CFA14F00AD93F4 /* ViewController.swift in Sources */,
				C491120227CFA14F00AD93F4 /* AppDelegate.swift in Sources */,
				C491122727CFA3B000AD93F4 /* sampleWidget.intentdefinition in Sources */,
			);
			runOnlyForDeploymentPostprocessing = 0;
		};
		C491121527CFA3AE00AD93F4 /* Sources */ = {
			isa = PBXSourcesBuildPhase;
			buildActionMask = 2147483647;
			files = (
				C491122627CFA3B000AD93F4 /* sampleWidget.intentdefinition in Sources */,
				C491122127CFA3AE00AD93F4 /* sampleWidget.swift in Sources */,
			);
			runOnlyForDeploymentPostprocessing = 0;
		};
/* End PBXSourcesBuildPhase section */

/* Begin PBXTargetDependency section */
		C491122927CFA3B000AD93F4 /* PBXTargetDependency */ = {
			isa = PBXTargetDependency;
			target = C491121827CFA3AE00AD93F4 /* sampleWidgetExtension */;
			targetProxy = C491122827CFA3B000AD93F4 /* PBXContainerItemProxy */;
		};
/* End PBXTargetDependency section */

/* Begin PBXVariantGroup section */
		C491120C27CFA15100AD93F4 /* LaunchScreen.storyboard */ = {
			isa = PBXVariantGroup;
			children = (
				C491120D27CFA15100AD93F4 /* Base */,
			);
			name = LaunchScreen.storyboard;
			sourceTree = "<group>";
		};
/* End PBXVariantGroup section */

/* Begin XCBuildConfiguration section */
		C491121027CFA15100AD93F4 /* Debug */ = {
			isa = XCBuildConfiguration;
			buildSettings = {
				ALWAYS_SEARCH_USER_PATHS = NO;
				CLANG_ANALYZER_NONNULL = YES;
				CLANG_ANALYZER_NUMBER_OBJECT_CONVERSION = YES_AGGRESSIVE;
				CLANG_CXX_LANGUAGE_STANDARD = "gnu++17";
				CLANG_CXX_LIBRARY = "libc++";
				CLANG_ENABLE_MODULES = YES;
				CLANG_ENABLE_OBJC_ARC = YES;
				CLANG_ENABLE_OBJC_WEAK = YES;
				CLANG_WARN_BLOCK_CAPTURE_AUTORELEASING = YES;
				CLANG_WARN_BOOL_CONVERSION = YES;
				CLANG_WARN_COMMA = YES;
				CLANG_WARN_CONSTANT_CONVERSION = YES;
				CLANG_WARN_DEPRECATED_OBJC_IMPLEMENTATIONS = YES;
				CLANG_WARN_DIRECT_OBJC_ISA_USAGE = YES_ERROR;
				CLANG_WARN_DOCUMENTATION_COMMENTS = YES;
				CLANG_WARN_EMPTY_BODY = YES;
				CLANG_WARN_ENUM_CONVERSION = YES;
				CLANG_WARN_INFINITE_RECURSION = YES;
				CLANG_WARN_INT_CONVERSION = YES;
				CLANG_WARN_NON_LITERAL_NULL_CONVERSION = YES;
				CLANG_WARN_OBJC_IMPLICIT_RETAIN_SELF = YES;
				CLANG_WARN_OBJC_LITERAL_CONVERSION = YES;
				CLANG_WARN_OBJC_ROOT_CLASS = YES_ERROR;
				CLANG_WARN_QUOTED_INCLUDE_IN_FRAMEWORK_HEADER = YES;
				CLANG_WARN_RANGE_LOOP_ANALYSIS = YES;
				CLANG_WARN_STRICT_PROTOTYPES = YES;
				CLANG_WARN_SUSPICIOUS_MOVE = YES;
				CLANG_WARN_UNGUARDED_AVAILABILITY = YES_AGGRESSIVE;
				CLANG_WARN_UNREACHABLE_CODE = YES;
				CLANG_WARN__DUPLICATE_METHOD_MATCH = YES;
				COPY_PHASE_STRIP = NO;
				DEBUG_INFORMATION_FORMAT = dwarf;
				ENABLE_STRICT_OBJC_MSGSEND = YES;
				ENABLE_TESTABILITY = YES;
				GCC_C_LANGUAGE_STANDARD = gnu11;
				GCC_DYNAMIC_NO_PIC = NO;
				GCC_NO_COMMON_BLOCKS = YES;
				GCC_OPTIMIZATION_LEVEL = 0;
				GCC_PREPROCESSOR_DEFINITIONS = (
					"DEBUG=1",
					"$(inherited)",
				);
				GCC_WARN_64_TO_32_BIT_CONVERSION = YES;
				GCC_WARN_ABOUT_RETURN_TYPE = YES_ERROR;
				GCC_WARN_UNDECLARED_SELECTOR = YES;
				GCC_WARN_UNINITIALIZED_AUTOS = YES_AGGRESSIVE;
				GCC_WARN_UNUSED_FUNCTION = YES;
				GCC_WARN_UNUSED_VARIABLE = YES;
				IPHONEOS_DEPLOYMENT_TARGET = 15.2;
				MTL_ENABLE_DEBUG_INFO = INCLUDE_SOURCE;
				MTL_FAST_MATH = YES;
				ONLY_ACTIVE_ARCH = YES;
				SDKROOT = iphoneos;
				SWIFT_ACTIVE_COMPILATION_CONDITIONS = DEBUG;
				SWIFT_OPTIMIZATION_LEVEL = "-Onone";
			};
			name = Debug;
		};
		C491121127CFA15100AD93F4 /* Release */ = {
			isa = XCBuildConfiguration;
			buildSettings = {
				ALWAYS_SEARCH_USER_PATHS = NO;
				CLANG_ANALYZER_NONNULL = YES;
				CLANG_ANALYZER_NUMBER_OBJECT_CONVERSION = YES_AGGRESSIVE;
				CLANG_CXX_LANGUAGE_STANDARD = "gnu++17";
				CLANG_CXX_LIBRARY = "libc++";
				CLANG_ENABLE_MODULES = YES;
				CLANG_ENABLE_OBJC_ARC = YES;
				CLANG_ENABLE_OBJC_WEAK = YES;
				CLANG_WARN_BLOCK_CAPTURE_AUTORELEASING = YES;
				CLANG_WARN_BOOL_CONVERSION = YES;
				CLANG_WARN_COMMA = YES;
				CLANG_WARN_CONSTANT_CONVERSION = YES;
				CLANG_WARN_DEPRECATED_OBJC_IMPLEMENTATIONS = YES;
				CLANG_WARN_DIRECT_OBJC_ISA_USAGE = YES_ERROR;
				CLANG_WARN_DOCUMENTATION_COMMENTS = YES;
				CLANG_WARN_EMPTY_BODY = YES;
				CLANG_WARN_ENUM_CONVERSION = YES;
				CLANG_WARN_INFINITE_RECURSION = YES;
				CLANG_WARN_INT_CONVERSION = YES;
				CLANG_WARN_NON_LITERAL_NULL_CONVERSION = YES;
				CLANG_WARN_OBJC_IMPLICIT_RETAIN_SELF = YES;
				CLANG_WARN_OBJC_LITERAL_CONVERSION = YES;
				CLANG_WARN_OBJC_ROOT_CLASS = YES_ERROR;
				CLANG_WARN_QUOTED_INCLUDE_IN_FRAMEWORK_HEADER = YES;
				CLANG_WARN_RANGE_LOOP_ANALYSIS = YES;
				CLANG_WARN_STRICT_PROTOTYPES = YES;
				CLANG_WARN_SUSPICIOUS_MOVE = YES;
				CLANG_WARN_UNGUARDED_AVAILABILITY = YES_AGGRESSIVE;
				CLANG_WARN_UNREACHABLE_CODE = YES;
				CLANG_WARN__DUPLICATE_METHOD_MATCH = YES;
				COPY_PHASE_STRIP = NO;
				DEBUG_INFORMATION_FORMAT = "dwarf-with-dsym";
				ENABLE_NS_ASSERTIONS = NO;
				ENABLE_STRICT_OBJC_MSGSEND = YES;
				GCC_C_LANGUAGE_STANDARD = gnu11;
				GCC_NO_COMMON_BLOCKS = YES;
				GCC_WARN_64_TO_32_BIT_CONVERSION = YES;
				GCC_WARN_ABOUT_RETURN_TYPE = YES_ERROR;
				GCC_WARN_UNDECLARED_SELECTOR = YES;
				GCC_WARN_UNINITIALIZED_AUTOS = YES_AGGRESSIVE;
				GCC_WARN_UNUSED_FUNCTION = YES;
				GCC_WARN_UNUSED_VARIABLE = YES;
				IPHONEOS_DEPLOYMENT_TARGET = 15.2;
				MTL_ENABLE_DEBUG_INFO = NO;
				MTL_FAST_MATH = YES;
				SDKROOT = iphoneos;
				SWIFT_COMPILATION_MODE = wholemodule;
				SWIFT_OPTIMIZATION_LEVEL = "-O";
				VALIDATE_PRODUCT = YES;
			};
			name = Release;
		};
		C491121327CFA15100AD93F4 /* Debug */ = {
			isa = XCBuildConfiguration;
			buildSettings = {
				ALWAYS_EMBED_SWIFT_STANDARD_LIBRARIES = YES;
				ASSETCATALOG_COMPILER_APPICON_NAME = AppIcon;
				ASSETCATALOG_COMPILER_GLOBAL_ACCENT_COLOR_NAME = AccentColor;
				CODE_SIGN_ENTITLEMENTS = SwiftWidgets/SwiftWidgets.entitlements;
				CODE_SIGN_IDENTITY = "Apple Development";
				CODE_SIGN_STYLE = Manual;
				CURRENT_PROJECT_VERSION = 1;
				DEVELOPMENT_TEAM = 259K52DS49;
				GENERATE_INFOPLIST_FILE = YES;
				INFOPLIST_FILE = SwiftWidgets/Info.plist;
				INFOPLIST_KEY_UIApplicationSupportsIndirectInputEvents = YES;
				INFOPLIST_KEY_UILaunchStoryboardName = LaunchScreen;
				INFOPLIST_KEY_UISupportedInterfaceOrientations_iPad = "UIInterfaceOrientationPortrait UIInterfaceOrientationPortraitUpsideDown UIInterfaceOrientationLandscapeLeft UIInterfaceOrientationLandscapeRight";
				INFOPLIST_KEY_UISupportedInterfaceOrientations_iPhone = "UIInterfaceOrientationPortrait UIInterfaceOrientationLandscapeLeft UIInterfaceOrientationLandscapeRight";
				LD_RUNPATH_SEARCH_PATHS = (
					"$(inherited)",
					"@executable_path/Frameworks",
				);
				MARKETING_VERSION = 1.0;
				PRODUCT_BUNDLE_IDENTIFIER = com.navaneethan.g.SwiftWidgets;
				PRODUCT_NAME = "$(TARGET_NAME)";
				PROVISIONING_PROFILE_SPECIFIER = "";
				SWIFT_EMIT_LOC_STRINGS = YES;
				SWIFT_VERSION = 5.0;
				TARGETED_DEVICE_FAMILY = "1,2";
			};
			name = Debug;
		};
		C491121427CFA15100AD93F4 /* Release */ = {
			isa = XCBuildConfiguration;
			buildSettings = {
				ALWAYS_EMBED_SWIFT_STANDARD_LIBRARIES = YES;
				ASSETCATALOG_COMPILER_APPICON_NAME = AppIcon;
				ASSETCATALOG_COMPILER_GLOBAL_ACCENT_COLOR_NAME = AccentColor;
				CODE_SIGN_ENTITLEMENTS = SwiftWidgets/SwiftWidgets.entitlements;
				CODE_SIGN_IDENTITY = "Apple Development";
				CODE_SIGN_STYLE = Manual;
				CURRENT_PROJECT_VERSION = 1;
				DEVELOPMENT_TEAM = 259K52DS49;
				GENERATE_INFOPLIST_FILE = YES;
				INFOPLIST_FILE = SwiftWidgets/Info.plist;
				INFOPLIST_KEY_UIApplicationSupportsIndirectInputEvents = YES;
				INFOPLIST_KEY_UILaunchStoryboardName = LaunchScreen;
				INFOPLIST_KEY_UISupportedInterfaceOrientations_iPad = "UIInterfaceOrientationPortrait UIInterfaceOrientationPortraitUpsideDown UIInterfaceOrientationLandscapeLeft UIInterfaceOrientationLandscapeRight";
				INFOPLIST_KEY_UISupportedInterfaceOrientations_iPhone = "UIInterfaceOrientationPortrait UIInterfaceOrientationLandscapeLeft UIInterfaceOrientationLandscapeRight";
				LD_RUNPATH_SEARCH_PATHS = (
					"$(inherited)",
					"@executable_path/Frameworks",
				);
				MARKETING_VERSION = 1.0;
				PRODUCT_BUNDLE_IDENTIFIER = com.navaneethan.g.SwiftWidgets;
				PRODUCT_NAME = "$(TARGET_NAME)";
				PROVISIONING_PROFILE_SPECIFIER = "";
				SWIFT_EMIT_LOC_STRINGS = YES;
				SWIFT_VERSION = 5.0;
				TARGETED_DEVICE_FAMILY = "1,2";
			};
			name = Release;
		};
		C491122C27CFA3B000AD93F4 /* Debug */ = {
			isa = XCBuildConfiguration;
			buildSettings = {
				ASSETCATALOG_COMPILER_GLOBAL_ACCENT_COLOR_NAME = AccentColor;
				ASSETCATALOG_COMPILER_WIDGET_BACKGROUND_COLOR_NAME = WidgetBackground;
				CODE_SIGN_ENTITLEMENTS = sampleWidgetExtension.entitlements;
				CODE_SIGN_STYLE = Manual;
				CURRENT_PROJECT_VERSION = 1;
				DEVELOPMENT_TEAM = 259K52DS49;
				GENERATE_INFOPLIST_FILE = YES;
				INFOPLIST_FILE = sampleWidget/Info.plist;
				INFOPLIST_KEY_CFBundleDisplayName = sampleWidget;
				INFOPLIST_KEY_NSHumanReadableCopyright = "";
				LD_RUNPATH_SEARCH_PATHS = (
					"$(inherited)",
					"@executable_path/Frameworks",
					"@executable_path/../../Frameworks",
				);
				MARKETING_VERSION = 1.0;
				PRODUCT_BUNDLE_IDENTIFIER = com.navaneethan.g.SwiftWidgets.sampleWidget1;
				PRODUCT_NAME = "$(TARGET_NAME)";
				PROVISIONING_PROFILE_SPECIFIER = "";
				SKIP_INSTALL = YES;
				SWIFT_EMIT_LOC_STRINGS = YES;
				SWIFT_VERSION = 5.0;
				TARGETED_DEVICE_FAMILY = "1,2";
			};
			name = Debug;
		};
		C491122D27CFA3B000AD93F4 /* Release */ = {
			isa = XCBuildConfiguration;
			buildSettings = {
				ASSETCATALOG_COMPILER_GLOBAL_ACCENT_COLOR_NAME = AccentColor;
				ASSETCATALOG_COMPILER_WIDGET_BACKGROUND_COLOR_NAME = WidgetBackground;
				CODE_SIGN_ENTITLEMENTS = sampleWidgetExtension.entitlements;
				CODE_SIGN_STYLE = Manual;
				CURRENT_PROJECT_VERSION = 1;
				DEVELOPMENT_TEAM = 259K52DS49;
				GENERATE_INFOPLIST_FILE = YES;
				INFOPLIST_FILE = sampleWidget/Info.plist;
				INFOPLIST_KEY_CFBundleDisplayName = sampleWidget;
				INFOPLIST_KEY_NSHumanReadableCopyright = "";
				LD_RUNPATH_SEARCH_PATHS = (
					"$(inherited)",
					"@executable_path/Frameworks",
					"@executable_path/../../Frameworks",
				);
				MARKETING_VERSION = 1.0;
				PRODUCT_BUNDLE_IDENTIFIER = com.navaneethan.g.SwiftWidgets.sampleWidget1;
				PRODUCT_NAME = "$(TARGET_NAME)";
				PROVISIONING_PROFILE_SPECIFIER = "";
				SKIP_INSTALL = YES;
				SWIFT_EMIT_LOC_STRINGS = YES;
				SWIFT_VERSION = 5.0;
				TARGETED_DEVICE_FAMILY = "1,2";
			};
			name = Release;
		};
/* End XCBuildConfiguration section */

/* Begin XCConfigurationList section */
		C49111F927CFA14F00AD93F4 /* Build configuration list for PBXProject "SwiftWidgets" */ = {
			isa = XCConfigurationList;
			buildConfigurations = (
				C491121027CFA15100AD93F4 /* Debug */,
				C491121127CFA15100AD93F4 /* Release */,
			);
			defaultConfigurationIsVisible = 0;
			defaultConfigurationName = Release;
		};
		C491121227CFA15100AD93F4 /* Build configuration list for PBXNativeTarget "SwiftWidgets" */ = {
			isa = XCConfigurationList;
			buildConfigurations = (
				C491121327CFA15100AD93F4 /* Debug */,
				C491121427CFA15100AD93F4 /* Release */,
			);
			defaultConfigurationIsVisible = 0;
			defaultConfigurationName = Release;
		};
		C491122B27CFA3B000AD93F4 /* Build configuration list for PBXNativeTarget "sampleWidgetExtension" */ = {
			isa = XCConfigurationList;
			buildConfigurations = (
				C491122C27CFA3B000AD93F4 /* Debug */,
				C491122D27CFA3B000AD93F4 /* Release */,
			);
			defaultConfigurationIsVisible = 0;
			defaultConfigurationName = Release;
		};
/* End XCConfigurationList section */
	};
	rootObject = C49111F627CFA14F00AD93F4 /* Project object */;
}
