// !$*UTF8*$!
{
	archiveVersion = 1;
	classes = {
	};
	objectVersion = 55;
	objects = {

/* Begin PBXBuildFile section */
		C4730BB6286EB8EE00026679 /* PicsumApi.swift in Sources */ = {isa = PBXBuildFile; fileRef = C4730BB5286EB8EE00026679 /* PicsumApi.swift */; };
		C4730BB9286EB90900026679 /* PicsumModel.swift in Sources */ = {isa = PBXBuildFile; fileRef = C4730BB8286EB90900026679 /* PicsumModel.swift */; };
		C4730BBB286EBA5600026679 /* DataManager.swift in Sources */ = {isa = PBXBuildFile; fileRef = C4730BBA286EBA5600026679 /* DataManager.swift */; };
		C482FBBD286C2110004A49C6 /* SwifyUIBeginnerLearningApp.swift in Sources */ = {isa = PBXBuildFile; fileRef = C482FBBC286C2110004A49C6 /* SwifyUIBeginnerLearningApp.swift */; };
		C482FBBF286C2110004A49C6 /* ContentView.swift in Sources */ = {isa = PBXBuildFile; fileRef = C482FBBE286C2110004A49C6 /* ContentView.swift */; };
		C482FBC1286C2112004A49C6 /* Assets.xcassets in Resources */ = {isa = PBXBuildFile; fileRef = C482FBC0286C2112004A49C6 /* Assets.xcassets */; };
		C482FBC4286C2112004A49C6 /* Preview Assets.xcassets in Resources */ = {isa = PBXBuildFile; fileRef = C482FBC3286C2112004A49C6 /* Preview Assets.xcassets */; };
		C482FBCB286C2996004A49C6 /* Bullseye.swift in Sources */ = {isa = PBXBuildFile; fileRef = C482FBCA286C2996004A49C6 /* Bullseye.swift */; };
		C482FBCD286D735C004A49C6 /* HackingSwiftUI.swift in Sources */ = {isa = PBXBuildFile; fileRef = C482FBCC286D735C004A49C6 /* HackingSwiftUI.swift */; };
/* End PBXBuildFile section */

/* Begin PBXFileReference section */
		C4730BB5286EB8EE00026679 /* PicsumApi.swift */ = {isa = PBXFileReference; lastKnownFileType = sourcecode.swift; path = PicsumApi.swift; sourceTree = "<group>"; };
		C4730BB8286EB90900026679 /* PicsumModel.swift */ = {isa = PBXFileReference; lastKnownFileType = sourcecode.swift; path = PicsumModel.swift; sourceTree = "<group>"; };
		C4730BBA286EBA5600026679 /* DataManager.swift */ = {isa = PBXFileReference; lastKnownFileType = sourcecode.swift; path = DataManager.swift; sourceTree = "<group>"; };
		C482FBB9286C2110004A49C6 /* SwifyUIBeginnerLearning.app */ = {isa = PBXFileReference; explicitFileType = wrapper.application; includeInIndex = 0; path = SwifyUIBeginnerLearning.app; sourceTree = BUILT_PRODUCTS_DIR; };
		C482FBBC286C2110004A49C6 /* SwifyUIBeginnerLearningApp.swift */ = {isa = PBXFileReference; lastKnownFileType = sourcecode.swift; path = SwifyUIBeginnerLearningApp.swift; sourceTree = "<group>"; };
		C482FBBE286C2110004A49C6 /* ContentView.swift */ = {isa = PBXFileReference; lastKnownFileType = sourcecode.swift; path = ContentView.swift; sourceTree = "<group>"; };
		C482FBC0286C2112004A49C6 /* Assets.xcassets */ = {isa = PBXFileReference; lastKnownFileType = folder.assetcatalog; path = Assets.xcassets; sourceTree = "<group>"; };
		C482FBC3286C2112004A49C6 /* Preview Assets.xcassets */ = {isa = PBXFileReference; lastKnownFileType = folder.assetcatalog; path = "Preview Assets.xcassets"; sourceTree = "<group>"; };
		C482FBCA286C2996004A49C6 /* Bullseye.swift */ = {isa = PBXFileReference; lastKnownFileType = sourcecode.swift; path = Bullseye.swift; sourceTree = "<group>"; };
		C482FBCC286D735C004A49C6 /* HackingSwiftUI.swift */ = {isa = PBXFileReference; lastKnownFileType = sourcecode.swift; path = HackingSwiftUI.swift; sourceTree = "<group>"; };
/* End PBXFileReference section */

/* Begin PBXFrameworksBuildPhase section */
		C482FBB6286C2110004A49C6 /* Frameworks */ = {
			isa = PBXFrameworksBuildPhase;
			buildActionMask = 2147483647;
			files = (
			);
			runOnlyForDeploymentPostprocessing = 0;
		};
/* End PBXFrameworksBuildPhase section */

/* Begin PBXGroup section */
		C4730BB7286EB8F700026679 /* Model */ = {
			isa = PBXGroup;
			children = (
				C4730BB8286EB90900026679 /* PicsumModel.swift */,
				C4730BBA286EBA5600026679 /* DataManager.swift */,
			);
			path = Model;
			sourceTree = "<group>";
		};
		C482FBB0286C2110004A49C6 = {
			isa = PBXGroup;
			children = (
				C482FBBB286C2110004A49C6 /* SwifyUIBeginnerLearning */,
				C482FBBA286C2110004A49C6 /* Products */,
			);
			sourceTree = "<group>";
			wrapsLines = 0;
		};
		C482FBBA286C2110004A49C6 /* Products */ = {
			isa = PBXGroup;
			children = (
				C482FBB9286C2110004A49C6 /* SwifyUIBeginnerLearning.app */,
			);
			name = Products;
			sourceTree = "<group>";
		};
		C482FBBB286C2110004A49C6 /* SwifyUIBeginnerLearning */ = {
			isa = PBXGroup;
			children = (
				C4730BB7286EB8F700026679 /* Model */,
				C482FBBC286C2110004A49C6 /* SwifyUIBeginnerLearningApp.swift */,
				C482FBBE286C2110004A49C6 /* ContentView.swift */,
				C482FBCA286C2996004A49C6 /* Bullseye.swift */,
				C482FBCC286D735C004A49C6 /* HackingSwiftUI.swift */,
				C4730BB5286EB8EE00026679 /* PicsumApi.swift */,
				C482FBC0286C2112004A49C6 /* Assets.xcassets */,
				C482FBC2286C2112004A49C6 /* Preview Content */,
			);
			path = SwifyUIBeginnerLearning;
			sourceTree = "<group>";
		};
		C482FBC2286C2112004A49C6 /* Preview Content */ = {
			isa = PBXGroup;
			children = (
				C482FBC3286C2112004A49C6 /* Preview Assets.xcassets */,
			);
			path = "Preview Content";
			sourceTree = "<group>";
		};
/* End PBXGroup section */

/* Begin PBXNativeTarget section */
		C482FBB8286C2110004A49C6 /* SwifyUIBeginnerLearning */ = {
			isa = PBXNativeTarget;
			buildConfigurationList = C482FBC7286C2112004A49C6 /* Build configuration list for PBXNativeTarget "SwifyUIBeginnerLearning" */;
			buildPhases = (
				C482FBB5286C2110004A49C6 /* Sources */,
				C482FBB6286C2110004A49C6 /* Frameworks */,
				C482FBB7286C2110004A49C6 /* Resources */,
			);
			buildRules = (
			);
			dependencies = (
			);
			name = SwifyUIBeginnerLearning;
			productName = SwifyUIBeginnerLearning;
			productReference = C482FBB9286C2110004A49C6 /* SwifyUIBeginnerLearning.app */;
			productType = "com.apple.product-type.application";
		};
/* End PBXNativeTarget section */

/* Begin PBXProject section */
		C482FBB1286C2110004A49C6 /* Project object */ = {
			isa = PBXProject;
			attributes = {
				BuildIndependentTargetsInParallel = 1;
				LastSwiftUpdateCheck = 1340;
				LastUpgradeCheck = 1340;
				TargetAttributes = {
					C482FBB8286C2110004A49C6 = {
						CreatedOnToolsVersion = 13.4.1;
					};
				};
			};
			buildConfigurationList = C482FBB4286C2110004A49C6 /* Build configuration list for PBXProject "SwifyUIBeginnerLearning" */;
			compatibilityVersion = "Xcode 13.0";
			developmentRegion = en;
			hasScannedForEncodings = 0;
			knownRegions = (
				en,
				Base,
			);
			mainGroup = C482FBB0286C2110004A49C6;
			productRefGroup = C482FBBA286C2110004A49C6 /* Products */;
			projectDirPath = "";
			projectRoot = "";
			targets = (
				C482FBB8286C2110004A49C6 /* SwifyUIBeginnerLearning */,
			);
		};
/* End PBXProject section */

/* Begin PBXResourcesBuildPhase section */
		C482FBB7286C2110004A49C6 /* Resources */ = {
			isa = PBXResourcesBuildPhase;
			buildActionMask = 2147483647;
			files = (
				C482FBC4286C2112004A49C6 /* Preview Assets.xcassets in Resources */,
				C482FBC1286C2112004A49C6 /* Assets.xcassets in Resources */,
			);
			runOnlyForDeploymentPostprocessing = 0;
		};
/* End PBXResourcesBuildPhase section */

/* Begin PBXSourcesBuildPhase section */
		C482FBB5286C2110004A49C6 /* Sources */ = {
			isa = PBXSourcesBuildPhase;
			buildActionMask = 2147483647;
			files = (
				C4730BB9286EB90900026679 /* PicsumModel.swift in Sources */,
				C4730BB6286EB8EE00026679 /* PicsumApi.swift in Sources */,
				C482FBBF286C2110004A49C6 /* ContentView.swift in Sources */,
				C4730BBB286EBA5600026679 /* DataManager.swift in Sources */,
				C482FBCB286C2996004A49C6 /* Bullseye.swift in Sources */,
				C482FBBD286C2110004A49C6 /* SwifyUIBeginnerLearningApp.swift in Sources */,
				C482FBCD286D735C004A49C6 /* HackingSwiftUI.swift in Sources */,
			);
			runOnlyForDeploymentPostprocessing = 0;
		};
/* End PBXSourcesBuildPhase section */

/* Begin XCBuildConfiguration section */
		C482FBC5286C2112004A49C6 /* Debug */ = {
			isa = XCBuildConfiguration;
			buildSettings = {
				ALWAYS_SEARCH_USER_PATHS = NO;
				CLANG_ANALYZER_NONNULL = YES;
				CLANG_ANALYZER_NUMBER_OBJECT_CONVERSION = YES_AGGRESSIVE;
				CLANG_CXX_LANGUAGE_STANDARD = "gnu++17";
				CLANG_ENABLE_MODULES = YES;
				CLANG_ENABLE_OBJC_ARC = YES;
				CLANG_ENABLE_OBJC_WEAK = YES;
				CLANG_WARN_BLOCK_CAPTURE_AUTORELEASING = YES;
				CLANG_WARN_BOOL_CONVERSION = YES;
				CLANG_WARN_COMMA = YES;
				CLANG_WARN_CONSTANT_CONVERSION = YES;
				CLANG_WARN_DEPRECATED_OBJC_IMPLEMENTATIONS = YES;
				CLANG_WARN_DIRECT_OBJC_ISA_USAGE = YES_ERROR;
				CLANG_WARN_DOCUMENTATION_COMMENTS = YES;
				CLANG_WARN_EMPTY_BODY = YES;
				CLANG_WARN_ENUM_CONVERSION = YES;
				CLANG_WARN_INFINITE_RECURSION = YES;
				CLANG_WARN_INT_CONVERSION = YES;
				CLANG_WARN_NON_LITERAL_NULL_CONVERSION = YES;
				CLANG_WARN_OBJC_IMPLICIT_RETAIN_SELF = YES;
				CLANG_WARN_OBJC_LITERAL_CONVERSION = YES;
				CLANG_WARN_OBJC_ROOT_CLASS = YES_ERROR;
				CLANG_WARN_QUOTED_INCLUDE_IN_FRAMEWORK_HEADER = YES;
				CLANG_WARN_RANGE_LOOP_ANALYSIS = YES;
				CLANG_WARN_STRICT_PROTOTYPES = YES;
				CLANG_WARN_SUSPICIOUS_MOVE = YES;
				CLANG_WARN_UNGUARDED_AVAILABILITY = YES_AGGRESSIVE;
				CLANG_WARN_UNREACHABLE_CODE = YES;
				CLANG_WARN__DUPLICATE_METHOD_MATCH = YES;
				COPY_PHASE_STRIP = NO;
				DEBUG_INFORMATION_FORMAT = dwarf;
				ENABLE_STRICT_OBJC_MSGSEND = YES;
				ENABLE_TESTABILITY = YES;
				GCC_C_LANGUAGE_STANDARD = gnu11;
				GCC_DYNAMIC_NO_PIC = NO;
				GCC_NO_COMMON_BLOCKS = YES;
				GCC_OPTIMIZATION_LEVEL = 0;
				GCC_PREPROCESSOR_DEFINITIONS = (
					"DEBUG=1",
					"$(inherited)",
				);
				GCC_WARN_64_TO_32_BIT_CONVERSION = YES;
				GCC_WARN_ABOUT_RETURN_TYPE = YES_ERROR;
				GCC_WARN_UNDECLARED_SELECTOR = YES;
				GCC_WARN_UNINITIALIZED_AUTOS = YES_AGGRESSIVE;
				GCC_WARN_UNUSED_FUNCTION = YES;
				GCC_WARN_UNUSED_VARIABLE = YES;
				IPHONEOS_DEPLOYMENT_TARGET = 15.5;
				MTL_ENABLE_DEBUG_INFO = INCLUDE_SOURCE;
				MTL_FAST_MATH = YES;
				ONLY_ACTIVE_ARCH = YES;
				SDKROOT = iphoneos;
				SWIFT_ACTIVE_COMPILATION_CONDITIONS = DEBUG;
				SWIFT_OPTIMIZATION_LEVEL = "-Onone";
			};
			name = Debug;
		};
		C482FBC6286C2112004A49C6 /* Release */ = {
			isa = XCBuildConfiguration;
			buildSettings = {
				ALWAYS_SEARCH_USER_PATHS = NO;
				CLANG_ANALYZER_NONNULL = YES;
				CLANG_ANALYZER_NUMBER_OBJECT_CONVERSION = YES_AGGRESSIVE;
				CLANG_CXX_LANGUAGE_STANDARD = "gnu++17";
				CLANG_ENABLE_MODULES = YES;
				CLANG_ENABLE_OBJC_ARC = YES;
				CLANG_ENABLE_OBJC_WEAK = YES;
				CLANG_WARN_BLOCK_CAPTURE_AUTORELEASING = YES;
				CLANG_WARN_BOOL_CONVERSION = YES;
				CLANG_WARN_COMMA = YES;
				CLANG_WARN_CONSTANT_CONVERSION = YES;
				CLANG_WARN_DEPRECATED_OBJC_IMPLEMENTATIONS = YES;
				CLANG_WARN_DIRECT_OBJC_ISA_USAGE = YES_ERROR;
				CLANG_WARN_DOCUMENTATION_COMMENTS = YES;
				CLANG_WARN_EMPTY_BODY = YES;
				CLANG_WARN_ENUM_CONVERSION = YES;
				CLANG_WARN_INFINITE_RECURSION = YES;
				CLANG_WARN_INT_CONVERSION = YES;
				CLANG_WARN_NON_LITERAL_NULL_CONVERSION = YES;
				CLANG_WARN_OBJC_IMPLICIT_RETAIN_SELF = YES;
				CLANG_WARN_OBJC_LITERAL_CONVERSION = YES;
				CLANG_WARN_OBJC_ROOT_CLASS = YES_ERROR;
				CLANG_WARN_QUOTED_INCLUDE_IN_FRAMEWORK_HEADER = YES;
				CLANG_WARN_RANGE_LOOP_ANALYSIS = YES;
				CLANG_WARN_STRICT_PROTOTYPES = YES;
				CLANG_WARN_SUSPICIOUS_MOVE = YES;
				CLANG_WARN_UNGUARDED_AVAILABILITY = YES_AGGRESSIVE;
				CLANG_WARN_UNREACHABLE_CODE = YES;
				CLANG_WARN__DUPLICATE_METHOD_MATCH = YES;
				COPY_PHASE_STRIP = NO;
				DEBUG_INFORMATION_FORMAT = "dwarf-with-dsym";
				ENABLE_NS_ASSERTIONS = NO;
				ENABLE_STRICT_OBJC_MSGSEND = YES;
				GCC_C_LANGUAGE_STANDARD = gnu11;
				GCC_NO_COMMON_BLOCKS = YES;
				GCC_WARN_64_TO_32_BIT_CONVERSION = YES;
				GCC_WARN_ABOUT_RETURN_TYPE = YES_ERROR;
				GCC_WARN_UNDECLARED_SELECTOR = YES;
				GCC_WARN_UNINITIALIZED_AUTOS = YES_AGGRESSIVE;
				GCC_WARN_UNUSED_FUNCTION = YES;
				GCC_WARN_UNUSED_VARIABLE = YES;
				IPHONEOS_DEPLOYMENT_TARGET = 15.5;
				MTL_ENABLE_DEBUG_INFO = NO;
				MTL_FAST_MATH = YES;
				SDKROOT = iphoneos;
				SWIFT_COMPILATION_MODE = wholemodule;
				SWIFT_OPTIMIZATION_LEVEL = "-O";
				VALIDATE_PRODUCT = YES;
			};
			name = Release;
		};
		C482FBC8286C2112004A49C6 /* Debug */ = {
			isa = XCBuildConfiguration;
			buildSettings = {
				ASSETCATALOG_COMPILER_APPICON_NAME = AppIcon;
				ASSETCATALOG_COMPILER_GLOBAL_ACCENT_COLOR_NAME = AccentColor;
				CODE_SIGN_STYLE = Automatic;
				CURRENT_PROJECT_VERSION = 1;
				DEVELOPMENT_ASSET_PATHS = "\"SwifyUIBeginnerLearning/Preview Content\"";
				ENABLE_PREVIEWS = YES;
				GENERATE_INFOPLIST_FILE = YES;
				INFOPLIST_KEY_UIApplicationSceneManifest_Generation = YES;
				INFOPLIST_KEY_UIApplicationSupportsIndirectInputEvents = YES;
				INFOPLIST_KEY_UILaunchScreen_Generation = YES;
				INFOPLIST_KEY_UISupportedInterfaceOrientations_iPad = "UIInterfaceOrientationPortrait UIInterfaceOrientationPortraitUpsideDown UIInterfaceOrientationLandscapeLeft UIInterfaceOrientationLandscapeRight";
				INFOPLIST_KEY_UISupportedInterfaceOrientations_iPhone = "UIInterfaceOrientationPortrait UIInterfaceOrientationLandscapeLeft UIInterfaceOrientationLandscapeRight";
				LD_RUNPATH_SEARCH_PATHS = (
					"$(inherited)",
					"@executable_path/Frameworks",
				);
				MARKETING_VERSION = 1.0;
				PRODUCT_BUNDLE_IDENTIFIER = com.navaneethan.g.SwifyUIBeginnerLearning;
				PRODUCT_NAME = "$(TARGET_NAME)";
				SWIFT_EMIT_LOC_STRINGS = YES;
				SWIFT_VERSION = 5.0;
				TARGETED_DEVICE_FAMILY = "1,2";
			};
			name = Debug;
		};
		C482FBC9286C2112004A49C6 /* Release */ = {
			isa = XCBuildConfiguration;
			buildSettings = {
				ASSETCATALOG_COMPILER_APPICON_NAME = AppIcon;
				ASSETCATALOG_COMPILER_GLOBAL_ACCENT_COLOR_NAME = AccentColor;
				CODE_SIGN_STYLE = Automatic;
				CURRENT_PROJECT_VERSION = 1;
				DEVELOPMENT_ASSET_PATHS = "\"SwifyUIBeginnerLearning/Preview Content\"";
				ENABLE_PREVIEWS = YES;
				GENERATE_INFOPLIST_FILE = YES;
				INFOPLIST_KEY_UIApplicationSceneManifest_Generation = YES;
				INFOPLIST_KEY_UIApplicationSupportsIndirectInputEvents = YES;
				INFOPLIST_KEY_UILaunchScreen_Generation = YES;
				INFOPLIST_KEY_UISupportedInterfaceOrientations_iPad = "UIInterfaceOrientationPortrait UIInterfaceOrientationPortraitUpsideDown UIInterfaceOrientationLandscapeLeft UIInterfaceOrientationLandscapeRight";
				INFOPLIST_KEY_UISupportedInterfaceOrientations_iPhone = "UIInterfaceOrientationPortrait UIInterfaceOrientationLandscapeLeft UIInterfaceOrientationLandscapeRight";
				LD_RUNPATH_SEARCH_PATHS = (
					"$(inherited)",
					"@executable_path/Frameworks",
				);
				MARKETING_VERSION = 1.0;
				PRODUCT_BUNDLE_IDENTIFIER = com.navaneethan.g.SwifyUIBeginnerLearning;
				PRODUCT_NAME = "$(TARGET_NAME)";
				SWIFT_EMIT_LOC_STRINGS = YES;
				SWIFT_VERSION = 5.0;
				TARGETED_DEVICE_FAMILY = "1,2";
			};
			name = Release;
		};
/* End XCBuildConfiguration section */

/* Begin XCConfigurationList section */
		C482FBB4286C2110004A49C6 /* Build configuration list for PBXProject "SwifyUIBeginnerLearning" */ = {
			isa = XCConfigurationList;
			buildConfigurations = (
				C482FBC5286C2112004A49C6 /* Debug */,
				C482FBC6286C2112004A49C6 /* Release */,
			);
			defaultConfigurationIsVisible = 0;
			defaultConfigurationName = Release;
		};
		C482FBC7286C2112004A49C6 /* Build configuration list for PBXNativeTarget "SwifyUIBeginnerLearning" */ = {
			isa = XCConfigurationList;
			buildConfigurations = (
				C482FBC8286C2112004A49C6 /* Debug */,
				C482FBC9286C2112004A49C6 /* Release */,
			);
			defaultConfigurationIsVisible = 0;
			defaultConfigurationName = Release;
		};
/* End XCConfigurationList section */
	};
	rootObject = C482FBB1286C2110004A49C6 /* Project object */;
}
