// !$*UTF8*$!
{
	archiveVersion = 1;
	classes = {
	};
	objectVersion = 55;
	objects = {

/* Begin PBXBuildFile section */
		295070C8CF279A298B8FF60D /* Pods_RemainderPageUI.framework in Frameworks */ = {isa = PBXBuildFile; fileRef = 6409D47544A53641138F1422 /* Pods_RemainderPageUI.framework */; };
		C482FBAB286ADB6B004A49C6 /* PresentationAnimator.swift in Sources */ = {isa = PBXBuildFile; fileRef = C482FBAA286ADB6A004A49C6 /* PresentationAnimator.swift */; };
		C482FBAD286B0B5B004A49C6 /* PopUpViewController.swift in Sources */ = {isa = PBXBuildFile; fileRef = C482FBAC286B0B5B004A49C6 /* PopUpViewController.swift */; };
		C4D3129E286AC0C800F15E39 /* AppDelegate.swift in Sources */ = {isa = PBXBuildFile; fileRef = C4D3129D286AC0C800F15E39 /* AppDelegate.swift */; };
		C4D312A0286AC0C800F15E39 /* SceneDelegate.swift in Sources */ = {isa = PBXBuildFile; fileRef = C4D3129F286AC0C800F15E39 /* SceneDelegate.swift */; };
		C4D312A2286AC0C800F15E39 /* ViewController.swift in Sources */ = {isa = PBXBuildFile; fileRef = C4D312A1286AC0C800F15E39 /* ViewController.swift */; };
		C4D312A5286AC0C800F15E39 /* Main.storyboard in Resources */ = {isa = PBXBuildFile; fileRef = C4D312A3286AC0C800F15E39 /* Main.storyboard */; };
		C4D312A7286AC0CA00F15E39 /* Assets.xcassets in Resources */ = {isa = PBXBuildFile; fileRef = C4D312A6286AC0CA00F15E39 /* Assets.xcassets */; };
		C4D312AA286AC0CA00F15E39 /* LaunchScreen.storyboard in Resources */ = {isa = PBXBuildFile; fileRef = C4D312A8286AC0CA00F15E39 /* LaunchScreen.storyboard */; };
		C4D312B2286AC16900F15E39 /* RemainderPage.swift in Sources */ = {isa = PBXBuildFile; fileRef = C4D312B1286AC16900F15E39 /* RemainderPage.swift */; };
		C4D312B6286AC63800F15E39 /* BottomModel.swift in Sources */ = {isa = PBXBuildFile; fileRef = C4D312B5286AC63800F15E39 /* BottomModel.swift */; };
		C4D312B8286AC79F00F15E39 /* Color+.swift in Sources */ = {isa = PBXBuildFile; fileRef = C4D312B7286AC79F00F15E39 /* Color+.swift */; };
		C4D312BA286ACAA400F15E39 /* ZUIButton.swift in Sources */ = {isa = PBXBuildFile; fileRef = C4D312B9286ACAA400F15E39 /* ZUIButton.swift */; };
		C4D312BE286ACE2F00F15E39 /* PresentationManager.swift in Sources */ = {isa = PBXBuildFile; fileRef = C4D312BB286ACE2E00F15E39 /* PresentationManager.swift */; };
		C4D312BF286ACE2F00F15E39 /* ZPresentable.swift in Sources */ = {isa = PBXBuildFile; fileRef = C4D312BC286ACE2E00F15E39 /* ZPresentable.swift */; };
		C4D312C0286ACE2F00F15E39 /* PresentationController.swift in Sources */ = {isa = PBXBuildFile; fileRef = C4D312BD286ACE2F00F15E39 /* PresentationController.swift */; };
		C4D312C2286ACEF700F15E39 /* CommonExtensions.swift in Sources */ = {isa = PBXBuildFile; fileRef = C4D312C1286ACEF700F15E39 /* CommonExtensions.swift */; };
/* End PBXBuildFile section */

/* Begin PBXFileReference section */
		06C06D8082CF272E1FF676FA /* Pods-RemainderPageUI.release.xcconfig */ = {isa = PBXFileReference; includeInIndex = 1; lastKnownFileType = text.xcconfig; name = "Pods-RemainderPageUI.release.xcconfig"; path = "Target Support Files/Pods-RemainderPageUI/Pods-RemainderPageUI.release.xcconfig"; sourceTree = "<group>"; };
		6409D47544A53641138F1422 /* Pods_RemainderPageUI.framework */ = {isa = PBXFileReference; explicitFileType = wrapper.framework; includeInIndex = 0; path = Pods_RemainderPageUI.framework; sourceTree = BUILT_PRODUCTS_DIR; };
		997D0D27118D2CAD5583E08F /* Pods-RemainderPageUI.debug.xcconfig */ = {isa = PBXFileReference; includeInIndex = 1; lastKnownFileType = text.xcconfig; name = "Pods-RemainderPageUI.debug.xcconfig"; path = "Target Support Files/Pods-RemainderPageUI/Pods-RemainderPageUI.debug.xcconfig"; sourceTree = "<group>"; };
		C482FBAA286ADB6A004A49C6 /* PresentationAnimator.swift */ = {isa = PBXFileReference; fileEncoding = 4; lastKnownFileType = sourcecode.swift; path = PresentationAnimator.swift; sourceTree = "<group>"; };
		C482FBAC286B0B5B004A49C6 /* PopUpViewController.swift */ = {isa = PBXFileReference; lastKnownFileType = sourcecode.swift; path = PopUpViewController.swift; sourceTree = "<group>"; };
		C4D3129A286AC0C800F15E39 /* RemainderPageUI.app */ = {isa = PBXFileReference; explicitFileType = wrapper.application; includeInIndex = 0; path = RemainderPageUI.app; sourceTree = BUILT_PRODUCTS_DIR; };
		C4D3129D286AC0C800F15E39 /* AppDelegate.swift */ = {isa = PBXFileReference; lastKnownFileType = sourcecode.swift; path = AppDelegate.swift; sourceTree = "<group>"; };
		C4D3129F286AC0C800F15E39 /* SceneDelegate.swift */ = {isa = PBXFileReference; lastKnownFileType = sourcecode.swift; path = SceneDelegate.swift; sourceTree = "<group>"; };
		C4D312A1286AC0C800F15E39 /* ViewController.swift */ = {isa = PBXFileReference; lastKnownFileType = sourcecode.swift; path = ViewController.swift; sourceTree = "<group>"; };
		C4D312A4286AC0C800F15E39 /* Base */ = {isa = PBXFileReference; lastKnownFileType = file.storyboard; name = Base; path = Base.lproj/Main.storyboard; sourceTree = "<group>"; };
		C4D312A6286AC0CA00F15E39 /* Assets.xcassets */ = {isa = PBXFileReference; lastKnownFileType = folder.assetcatalog; path = Assets.xcassets; sourceTree = "<group>"; };
		C4D312A9286AC0CA00F15E39 /* Base */ = {isa = PBXFileReference; lastKnownFileType = file.storyboard; name = Base; path = Base.lproj/LaunchScreen.storyboard; sourceTree = "<group>"; };
		C4D312AB286AC0CA00F15E39 /* Info.plist */ = {isa = PBXFileReference; lastKnownFileType = text.plist.xml; path = Info.plist; sourceTree = "<group>"; };
		C4D312B1286AC16900F15E39 /* RemainderPage.swift */ = {isa = PBXFileReference; lastKnownFileType = sourcecode.swift; path = RemainderPage.swift; sourceTree = "<group>"; wrapsLines = 0; };
		C4D312B5286AC63800F15E39 /* BottomModel.swift */ = {isa = PBXFileReference; lastKnownFileType = sourcecode.swift; path = BottomModel.swift; sourceTree = "<group>"; };
		C4D312B7286AC79F00F15E39 /* Color+.swift */ = {isa = PBXFileReference; lastKnownFileType = sourcecode.swift; path = "Color+.swift"; sourceTree = "<group>"; };
		C4D312B9286ACAA400F15E39 /* ZUIButton.swift */ = {isa = PBXFileReference; lastKnownFileType = sourcecode.swift; path = ZUIButton.swift; sourceTree = "<group>"; };
		C4D312BB286ACE2E00F15E39 /* PresentationManager.swift */ = {isa = PBXFileReference; fileEncoding = 4; lastKnownFileType = sourcecode.swift; path = PresentationManager.swift; sourceTree = "<group>"; };
		C4D312BC286ACE2E00F15E39 /* ZPresentable.swift */ = {isa = PBXFileReference; fileEncoding = 4; lastKnownFileType = sourcecode.swift; path = ZPresentable.swift; sourceTree = "<group>"; };
		C4D312BD286ACE2F00F15E39 /* PresentationController.swift */ = {isa = PBXFileReference; fileEncoding = 4; lastKnownFileType = sourcecode.swift; path = PresentationController.swift; sourceTree = "<group>"; };
		C4D312C1286ACEF700F15E39 /* CommonExtensions.swift */ = {isa = PBXFileReference; lastKnownFileType = sourcecode.swift; path = CommonExtensions.swift; sourceTree = "<group>"; };
/* End PBXFileReference section */

/* Begin PBXFrameworksBuildPhase section */
		C4D31297286AC0C800F15E39 /* Frameworks */ = {
			isa = PBXFrameworksBuildPhase;
			buildActionMask = 2147483647;
			files = (
				295070C8CF279A298B8FF60D /* Pods_RemainderPageUI.framework in Frameworks */,
			);
			runOnlyForDeploymentPostprocessing = 0;
		};
/* End PBXFrameworksBuildPhase section */

/* Begin PBXGroup section */
		17801279C58E174F1D92C011 /* Pods */ = {
			isa = PBXGroup;
			children = (
				997D0D27118D2CAD5583E08F /* Pods-RemainderPageUI.debug.xcconfig */,
				06C06D8082CF272E1FF676FA /* Pods-RemainderPageUI.release.xcconfig */,
			);
			path = Pods;
			sourceTree = "<group>";
		};
		3A3E3E20F24C042494134EEB /* Frameworks */ = {
			isa = PBXGroup;
			children = (
				6409D47544A53641138F1422 /* Pods_RemainderPageUI.framework */,
			);
			name = Frameworks;
			sourceTree = "<group>";
		};
		C4D31291286AC0C800F15E39 = {
			isa = PBXGroup;
			children = (
				C4D3129C286AC0C800F15E39 /* RemainderPageUI */,
				C4D3129B286AC0C800F15E39 /* Products */,
				17801279C58E174F1D92C011 /* Pods */,
				3A3E3E20F24C042494134EEB /* Frameworks */,
			);
			sourceTree = "<group>";
			wrapsLines = 0;
		};
		C4D3129B286AC0C800F15E39 /* Products */ = {
			isa = PBXGroup;
			children = (
				C4D3129A286AC0C800F15E39 /* RemainderPageUI.app */,
			);
			name = Products;
			sourceTree = "<group>";
		};
		C4D3129C286AC0C800F15E39 /* RemainderPageUI */ = {
			isa = PBXGroup;
			children = (
				C4D3129D286AC0C800F15E39 /* AppDelegate.swift */,
				C4D312B5286AC63800F15E39 /* BottomModel.swift */,
				C4D3129F286AC0C800F15E39 /* SceneDelegate.swift */,
				C4D312A1286AC0C800F15E39 /* ViewController.swift */,
				C4D312B1286AC16900F15E39 /* RemainderPage.swift */,
				C4D312BD286ACE2F00F15E39 /* PresentationController.swift */,
				C482FBAA286ADB6A004A49C6 /* PresentationAnimator.swift */,
				C4D312BB286ACE2E00F15E39 /* PresentationManager.swift */,
				C4D312BC286ACE2E00F15E39 /* ZPresentable.swift */,
				C4D312B7286AC79F00F15E39 /* Color+.swift */,
				C4D312A3286AC0C800F15E39 /* Main.storyboard */,
				C4D312A6286AC0CA00F15E39 /* Assets.xcassets */,
				C4D312A8286AC0CA00F15E39 /* LaunchScreen.storyboard */,
				C4D312AB286AC0CA00F15E39 /* Info.plist */,
				C4D312B9286ACAA400F15E39 /* ZUIButton.swift */,
				C4D312C1286ACEF700F15E39 /* CommonExtensions.swift */,
				C482FBAC286B0B5B004A49C6 /* PopUpViewController.swift */,
			);
			path = RemainderPageUI;
			sourceTree = "<group>";
		};
/* End PBXGroup section */

/* Begin PBXNativeTarget section */
		C4D31299286AC0C800F15E39 /* RemainderPageUI */ = {
			isa = PBXNativeTarget;
			buildConfigurationList = C4D312AE286AC0CA00F15E39 /* Build configuration list for PBXNativeTarget "RemainderPageUI" */;
			buildPhases = (
				3A1191815086CA9880C7631A /* [CP] Check Pods Manifest.lock */,
				C4D31296286AC0C800F15E39 /* Sources */,
				C4D31297286AC0C800F15E39 /* Frameworks */,
				C4D31298286AC0C800F15E39 /* Resources */,
				9680908732E9056837E9773A /* [CP] Embed Pods Frameworks */,
			);
			buildRules = (
			);
			dependencies = (
			);
			name = RemainderPageUI;
			productName = RemainderPageUI;
			productReference = C4D3129A286AC0C800F15E39 /* RemainderPageUI.app */;
			productType = "com.apple.product-type.application";
		};
/* End PBXNativeTarget section */

/* Begin PBXProject section */
		C4D31292286AC0C800F15E39 /* Project object */ = {
			isa = PBXProject;
			attributes = {
				BuildIndependentTargetsInParallel = 1;
				LastSwiftUpdateCheck = 1340;
				LastUpgradeCheck = 1340;
				TargetAttributes = {
					C4D31299286AC0C800F15E39 = {
						CreatedOnToolsVersion = 13.4.1;
					};
				};
			};
			buildConfigurationList = C4D31295286AC0C800F15E39 /* Build configuration list for PBXProject "RemainderPageUI" */;
			compatibilityVersion = "Xcode 13.0";
			developmentRegion = en;
			hasScannedForEncodings = 0;
			knownRegions = (
				en,
				Base,
			);
			mainGroup = C4D31291286AC0C800F15E39;
			productRefGroup = C4D3129B286AC0C800F15E39 /* Products */;
			projectDirPath = "";
			projectRoot = "";
			targets = (
				C4D31299286AC0C800F15E39 /* RemainderPageUI */,
			);
		};
/* End PBXProject section */

/* Begin PBXResourcesBuildPhase section */
		C4D31298286AC0C800F15E39 /* Resources */ = {
			isa = PBXResourcesBuildPhase;
			buildActionMask = 2147483647;
			files = (
				C4D312AA286AC0CA00F15E39 /* LaunchScreen.storyboard in Resources */,
				C4D312A7286AC0CA00F15E39 /* Assets.xcassets in Resources */,
				C4D312A5286AC0C800F15E39 /* Main.storyboard in Resources */,
			);
			runOnlyForDeploymentPostprocessing = 0;
		};
/* End PBXResourcesBuildPhase section */

/* Begin PBXShellScriptBuildPhase section */
		3A1191815086CA9880C7631A /* [CP] Check Pods Manifest.lock */ = {
			isa = PBXShellScriptBuildPhase;
			buildActionMask = 2147483647;
			files = (
			);
			inputFileListPaths = (
			);
			inputPaths = (
				"${PODS_PODFILE_DIR_PATH}/Podfile.lock",
				"${PODS_ROOT}/Manifest.lock",
			);
			name = "[CP] Check Pods Manifest.lock";
			outputFileListPaths = (
			);
			outputPaths = (
				"$(DERIVED_FILE_DIR)/Pods-RemainderPageUI-checkManifestLockResult.txt",
			);
			runOnlyForDeploymentPostprocessing = 0;
			shellPath = /bin/sh;
			shellScript = "diff \"${PODS_PODFILE_DIR_PATH}/Podfile.lock\" \"${PODS_ROOT}/Manifest.lock\" > /dev/null\nif [ $? != 0 ] ; then\n    # print error to STDERR\n    echo \"error: The sandbox is not in sync with the Podfile.lock. Run 'pod install' or update your CocoaPods installation.\" >&2\n    exit 1\nfi\n# This output is used by Xcode 'outputs' to avoid re-running this script phase.\necho \"SUCCESS\" > \"${SCRIPT_OUTPUT_FILE_0}\"\n";
			showEnvVarsInLog = 0;
		};
		9680908732E9056837E9773A /* [CP] Embed Pods Frameworks */ = {
			isa = PBXShellScriptBuildPhase;
			buildActionMask = 2147483647;
			files = (
			);
			inputFileListPaths = (
				"${PODS_ROOT}/Target Support Files/Pods-RemainderPageUI/Pods-RemainderPageUI-frameworks-${CONFIGURATION}-input-files.xcfilelist",
			);
			name = "[CP] Embed Pods Frameworks";
			outputFileListPaths = (
				"${PODS_ROOT}/Target Support Files/Pods-RemainderPageUI/Pods-RemainderPageUI-frameworks-${CONFIGURATION}-output-files.xcfilelist",
			);
			runOnlyForDeploymentPostprocessing = 0;
			shellPath = /bin/sh;
			shellScript = "\"${PODS_ROOT}/Target Support Files/Pods-RemainderPageUI/Pods-RemainderPageUI-frameworks.sh\"\n";
			showEnvVarsInLog = 0;
		};
/* End PBXShellScriptBuildPhase section */

/* Begin PBXSourcesBuildPhase section */
		C4D31296286AC0C800F15E39 /* Sources */ = {
			isa = PBXSourcesBuildPhase;
			buildActionMask = 2147483647;
			files = (
				C4D312BA286ACAA400F15E39 /* ZUIButton.swift in Sources */,
				C4D312C2286ACEF700F15E39 /* CommonExtensions.swift in Sources */,
				C4D312A2286AC0C800F15E39 /* ViewController.swift in Sources */,
				C4D312B8286AC79F00F15E39 /* Color+.swift in Sources */,
				C4D312BE286ACE2F00F15E39 /* PresentationManager.swift in Sources */,
				C4D312BF286ACE2F00F15E39 /* ZPresentable.swift in Sources */,
				C4D3129E286AC0C800F15E39 /* AppDelegate.swift in Sources */,
				C482FBAD286B0B5B004A49C6 /* PopUpViewController.swift in Sources */,
				C4D312B2286AC16900F15E39 /* RemainderPage.swift in Sources */,
				C482FBAB286ADB6B004A49C6 /* PresentationAnimator.swift in Sources */,
				C4D312B6286AC63800F15E39 /* BottomModel.swift in Sources */,
				C4D312A0286AC0C800F15E39 /* SceneDelegate.swift in Sources */,
				C4D312C0286ACE2F00F15E39 /* PresentationController.swift in Sources */,
			);
			runOnlyForDeploymentPostprocessing = 0;
		};
/* End PBXSourcesBuildPhase section */

/* Begin PBXVariantGroup section */
		C4D312A3286AC0C800F15E39 /* Main.storyboard */ = {
			isa = PBXVariantGroup;
			children = (
				C4D312A4286AC0C800F15E39 /* Base */,
			);
			name = Main.storyboard;
			sourceTree = "<group>";
		};
		C4D312A8286AC0CA00F15E39 /* LaunchScreen.storyboard */ = {
			isa = PBXVariantGroup;
			children = (
				C4D312A9286AC0CA00F15E39 /* Base */,
			);
			name = LaunchScreen.storyboard;
			sourceTree = "<group>";
		};
/* End PBXVariantGroup section */

/* Begin XCBuildConfiguration section */
		C4D312AC286AC0CA00F15E39 /* Debug */ = {
			isa = XCBuildConfiguration;
			buildSettings = {
				ALWAYS_SEARCH_USER_PATHS = NO;
				CLANG_ANALYZER_NONNULL = YES;
				CLANG_ANALYZER_NUMBER_OBJECT_CONVERSION = YES_AGGRESSIVE;
				CLANG_CXX_LANGUAGE_STANDARD = "gnu++17";
				CLANG_ENABLE_MODULES = YES;
				CLANG_ENABLE_OBJC_ARC = YES;
				CLANG_ENABLE_OBJC_WEAK = YES;
				CLANG_WARN_BLOCK_CAPTURE_AUTORELEASING = YES;
				CLANG_WARN_BOOL_CONVERSION = YES;
				CLANG_WARN_COMMA = YES;
				CLANG_WARN_CONSTANT_CONVERSION = YES;
				CLANG_WARN_DEPRECATED_OBJC_IMPLEMENTATIONS = YES;
				CLANG_WARN_DIRECT_OBJC_ISA_USAGE = YES_ERROR;
				CLANG_WARN_DOCUMENTATION_COMMENTS = YES;
				CLANG_WARN_EMPTY_BODY = YES;
				CLANG_WARN_ENUM_CONVERSION = YES;
				CLANG_WARN_INFINITE_RECURSION = YES;
				CLANG_WARN_INT_CONVERSION = YES;
				CLANG_WARN_NON_LITERAL_NULL_CONVERSION = YES;
				CLANG_WARN_OBJC_IMPLICIT_RETAIN_SELF = YES;
				CLANG_WARN_OBJC_LITERAL_CONVERSION = YES;
				CLANG_WARN_OBJC_ROOT_CLASS = YES_ERROR;
				CLANG_WARN_QUOTED_INCLUDE_IN_FRAMEWORK_HEADER = YES;
				CLANG_WARN_RANGE_LOOP_ANALYSIS = YES;
				CLANG_WARN_STRICT_PROTOTYPES = YES;
				CLANG_WARN_SUSPICIOUS_MOVE = YES;
				CLANG_WARN_UNGUARDED_AVAILABILITY = YES_AGGRESSIVE;
				CLANG_WARN_UNREACHABLE_CODE = YES;
				CLANG_WARN__DUPLICATE_METHOD_MATCH = YES;
				COPY_PHASE_STRIP = NO;
				DEBUG_INFORMATION_FORMAT = dwarf;
				ENABLE_STRICT_OBJC_MSGSEND = YES;
				ENABLE_TESTABILITY = YES;
				GCC_C_LANGUAGE_STANDARD = gnu11;
				GCC_DYNAMIC_NO_PIC = NO;
				GCC_NO_COMMON_BLOCKS = YES;
				GCC_OPTIMIZATION_LEVEL = 0;
				GCC_PREPROCESSOR_DEFINITIONS = (
					"DEBUG=1",
					"$(inherited)",
				);
				GCC_WARN_64_TO_32_BIT_CONVERSION = YES;
				GCC_WARN_ABOUT_RETURN_TYPE = YES_ERROR;
				GCC_WARN_UNDECLARED_SELECTOR = YES;
				GCC_WARN_UNINITIALIZED_AUTOS = YES_AGGRESSIVE;
				GCC_WARN_UNUSED_FUNCTION = YES;
				GCC_WARN_UNUSED_VARIABLE = YES;
				IPHONEOS_DEPLOYMENT_TARGET = 15.0;
				MTL_ENABLE_DEBUG_INFO = INCLUDE_SOURCE;
				MTL_FAST_MATH = YES;
				ONLY_ACTIVE_ARCH = YES;
				SDKROOT = iphoneos;
				SWIFT_ACTIVE_COMPILATION_CONDITIONS = DEBUG;
				SWIFT_OPTIMIZATION_LEVEL = "-Onone";
			};
			name = Debug;
		};
		C4D312AD286AC0CA00F15E39 /* Release */ = {
			isa = XCBuildConfiguration;
			buildSettings = {
				ALWAYS_SEARCH_USER_PATHS = NO;
				CLANG_ANALYZER_NONNULL = YES;
				CLANG_ANALYZER_NUMBER_OBJECT_CONVERSION = YES_AGGRESSIVE;
				CLANG_CXX_LANGUAGE_STANDARD = "gnu++17";
				CLANG_ENABLE_MODULES = YES;
				CLANG_ENABLE_OBJC_ARC = YES;
				CLANG_ENABLE_OBJC_WEAK = YES;
				CLANG_WARN_BLOCK_CAPTURE_AUTORELEASING = YES;
				CLANG_WARN_BOOL_CONVERSION = YES;
				CLANG_WARN_COMMA = YES;
				CLANG_WARN_CONSTANT_CONVERSION = YES;
				CLANG_WARN_DEPRECATED_OBJC_IMPLEMENTATIONS = YES;
				CLANG_WARN_DIRECT_OBJC_ISA_USAGE = YES_ERROR;
				CLANG_WARN_DOCUMENTATION_COMMENTS = YES;
				CLANG_WARN_EMPTY_BODY = YES;
				CLANG_WARN_ENUM_CONVERSION = YES;
				CLANG_WARN_INFINITE_RECURSION = YES;
				CLANG_WARN_INT_CONVERSION = YES;
				CLANG_WARN_NON_LITERAL_NULL_CONVERSION = YES;
				CLANG_WARN_OBJC_IMPLICIT_RETAIN_SELF = YES;
				CLANG_WARN_OBJC_LITERAL_CONVERSION = YES;
				CLANG_WARN_OBJC_ROOT_CLASS = YES_ERROR;
				CLANG_WARN_QUOTED_INCLUDE_IN_FRAMEWORK_HEADER = YES;
				CLANG_WARN_RANGE_LOOP_ANALYSIS = YES;
				CLANG_WARN_STRICT_PROTOTYPES = YES;
				CLANG_WARN_SUSPICIOUS_MOVE = YES;
				CLANG_WARN_UNGUARDED_AVAILABILITY = YES_AGGRESSIVE;
				CLANG_WARN_UNREACHABLE_CODE = YES;
				CLANG_WARN__DUPLICATE_METHOD_MATCH = YES;
				COPY_PHASE_STRIP = NO;
				DEBUG_INFORMATION_FORMAT = "dwarf-with-dsym";
				ENABLE_NS_ASSERTIONS = NO;
				ENABLE_STRICT_OBJC_MSGSEND = YES;
				GCC_C_LANGUAGE_STANDARD = gnu11;
				GCC_NO_COMMON_BLOCKS = YES;
				GCC_WARN_64_TO_32_BIT_CONVERSION = YES;
				GCC_WARN_ABOUT_RETURN_TYPE = YES_ERROR;
				GCC_WARN_UNDECLARED_SELECTOR = YES;
				GCC_WARN_UNINITIALIZED_AUTOS = YES_AGGRESSIVE;
				GCC_WARN_UNUSED_FUNCTION = YES;
				GCC_WARN_UNUSED_VARIABLE = YES;
				IPHONEOS_DEPLOYMENT_TARGET = 15.0;
				MTL_ENABLE_DEBUG_INFO = NO;
				MTL_FAST_MATH = YES;
				SDKROOT = iphoneos;
				SWIFT_COMPILATION_MODE = wholemodule;
				SWIFT_OPTIMIZATION_LEVEL = "-O";
				VALIDATE_PRODUCT = YES;
			};
			name = Release;
		};
		C4D312AF286AC0CA00F15E39 /* Debug */ = {
			isa = XCBuildConfiguration;
			baseConfigurationReference = 997D0D27118D2CAD5583E08F /* Pods-RemainderPageUI.debug.xcconfig */;
			buildSettings = {
				ASSETCATALOG_COMPILER_APPICON_NAME = AppIcon;
				ASSETCATALOG_COMPILER_GLOBAL_ACCENT_COLOR_NAME = AccentColor;
				CODE_SIGN_STYLE = Automatic;
				CURRENT_PROJECT_VERSION = 1;
				GENERATE_INFOPLIST_FILE = YES;
				INFOPLIST_FILE = RemainderPageUI/Info.plist;
				INFOPLIST_KEY_UIApplicationSupportsIndirectInputEvents = YES;
				INFOPLIST_KEY_UILaunchStoryboardName = LaunchScreen;
				INFOPLIST_KEY_UIMainStoryboardFile = Main;
				INFOPLIST_KEY_UISupportedInterfaceOrientations_iPad = "UIInterfaceOrientationPortrait UIInterfaceOrientationPortraitUpsideDown UIInterfaceOrientationLandscapeLeft UIInterfaceOrientationLandscapeRight";
				INFOPLIST_KEY_UISupportedInterfaceOrientations_iPhone = "UIInterfaceOrientationPortrait UIInterfaceOrientationLandscapeLeft UIInterfaceOrientationLandscapeRight";
				IPHONEOS_DEPLOYMENT_TARGET = 15.0;
				LD_RUNPATH_SEARCH_PATHS = (
					"$(inherited)",
					"@executable_path/Frameworks",
				);
				MARKETING_VERSION = 1.0;
				PRODUCT_BUNDLE_IDENTIFIER = com.navaneethan.g.RemainderPageUI;
				PRODUCT_NAME = "$(TARGET_NAME)";
				SWIFT_EMIT_LOC_STRINGS = YES;
				SWIFT_VERSION = 5.0;
				TARGETED_DEVICE_FAMILY = "1,2";
			};
			name = Debug;
		};
		C4D312B0286AC0CA00F15E39 /* Release */ = {
			isa = XCBuildConfiguration;
			baseConfigurationReference = 06C06D8082CF272E1FF676FA /* Pods-RemainderPageUI.release.xcconfig */;
			buildSettings = {
				ASSETCATALOG_COMPILER_APPICON_NAME = AppIcon;
				ASSETCATALOG_COMPILER_GLOBAL_ACCENT_COLOR_NAME = AccentColor;
				CODE_SIGN_STYLE = Automatic;
				CURRENT_PROJECT_VERSION = 1;
				GENERATE_INFOPLIST_FILE = YES;
				INFOPLIST_FILE = RemainderPageUI/Info.plist;
				INFOPLIST_KEY_UIApplicationSupportsIndirectInputEvents = YES;
				INFOPLIST_KEY_UILaunchStoryboardName = LaunchScreen;
				INFOPLIST_KEY_UIMainStoryboardFile = Main;
				INFOPLIST_KEY_UISupportedInterfaceOrientations_iPad = "UIInterfaceOrientationPortrait UIInterfaceOrientationPortraitUpsideDown UIInterfaceOrientationLandscapeLeft UIInterfaceOrientationLandscapeRight";
				INFOPLIST_KEY_UISupportedInterfaceOrientations_iPhone = "UIInterfaceOrientationPortrait UIInterfaceOrientationLandscapeLeft UIInterfaceOrientationLandscapeRight";
				IPHONEOS_DEPLOYMENT_TARGET = 15.0;
				LD_RUNPATH_SEARCH_PATHS = (
					"$(inherited)",
					"@executable_path/Frameworks",
				);
				MARKETING_VERSION = 1.0;
				PRODUCT_BUNDLE_IDENTIFIER = com.navaneethan.g.RemainderPageUI;
				PRODUCT_NAME = "$(TARGET_NAME)";
				SWIFT_EMIT_LOC_STRINGS = YES;
				SWIFT_VERSION = 5.0;
				TARGETED_DEVICE_FAMILY = "1,2";
			};
			name = Release;
		};
/* End XCBuildConfiguration section */

/* Begin XCConfigurationList section */
		C4D31295286AC0C800F15E39 /* Build configuration list for PBXProject "RemainderPageUI" */ = {
			isa = XCConfigurationList;
			buildConfigurations = (
				C4D312AC286AC0CA00F15E39 /* Debug */,
				C4D312AD286AC0CA00F15E39 /* Release */,
			);
			defaultConfigurationIsVisible = 0;
			defaultConfigurationName = Release;
		};
		C4D312AE286AC0CA00F15E39 /* Build configuration list for PBXNativeTarget "RemainderPageUI" */ = {
			isa = XCConfigurationList;
			buildConfigurations = (
				C4D312AF286AC0CA00F15E39 /* Debug */,
				C4D312B0286AC0CA00F15E39 /* Release */,
			);
			defaultConfigurationIsVisible = 0;
			defaultConfigurationName = Release;
		};
/* End XCConfigurationList section */
	};
	rootObject = C4D31292286AC0C800F15E39 /* Project object */;
}
