// !$*UTF8*$!
{
	archiveVersion = 1;
	classes = {
	};
	objectVersion = 55;
	objects = {

/* Begin PBXBuildFile section */
		4765ABE376A19918F697E92D /* Pods_PdfZipExporter.framework in Frameworks */ = {isa = PBXBuildFile; fileRef = 583BBAA96DF1555817729F02 /* Pods_PdfZipExporter.framework */; };
		C45F6485285C99D400D32A37 /* AppDelegate.swift in Sources */ = {isa = PBXBuildFile; fileRef = C45F6484285C99D400D32A37 /* AppDelegate.swift */; };
		C45F6487285C99D400D32A37 /* SceneDelegate.swift in Sources */ = {isa = PBXBuildFile; fileRef = C45F6486285C99D400D32A37 /* SceneDelegate.swift */; };
		C45F6489285C99D400D32A37 /* ViewController.swift in Sources */ = {isa = PBXBuildFile; fileRef = C45F6488285C99D400D32A37 /* ViewController.swift */; };
		C45F648C285C99D400D32A37 /* Main.storyboard in Resources */ = {isa = PBXBuildFile; fileRef = C45F648A285C99D400D32A37 /* Main.storyboard */; };
		C45F648E285C99D600D32A37 /* Assets.xcassets in Resources */ = {isa = PBXBuildFile; fileRef = C45F648D285C99D600D32A37 /* Assets.xcassets */; };
		C45F6491285C99D600D32A37 /* LaunchScreen.storyboard in Resources */ = {isa = PBXBuildFile; fileRef = C45F648F285C99D600D32A37 /* LaunchScreen.storyboard */; };
		C45F6499285C9CD800D32A37 /* ZButton.swift in Sources */ = {isa = PBXBuildFile; fileRef = C45F6498285C9CD800D32A37 /* ZButton.swift */; };
		C45F649B285C9FE000D32A37 /* Observable.swift in Sources */ = {isa = PBXBuildFile; fileRef = C45F649A285C9FE000D32A37 /* Observable.swift */; };
		C45F649D285CA1A200D32A37 /* PDFDocument+.swift in Sources */ = {isa = PBXBuildFile; fileRef = C45F649C285CA1A200D32A37 /* PDFDocument+.swift */; };
		C45F649F285CA41500D32A37 /* PdfViewController.swift in Sources */ = {isa = PBXBuildFile; fileRef = C45F649E285CA41500D32A37 /* PdfViewController.swift */; };
		C45F64A1285CB5A400D32A37 /* ZipUtilities.swift in Sources */ = {isa = PBXBuildFile; fileRef = C45F64A0285CB5A400D32A37 /* ZipUtilities.swift */; };
		C4AB531B285DA7D90026FC5E /* FileManager+.swift in Sources */ = {isa = PBXBuildFile; fileRef = C4AB531A285DA7D90026FC5E /* FileManager+.swift */; };
		C4AB531D286040800026FC5E /* Alert.swift in Sources */ = {isa = PBXBuildFile; fileRef = C4AB531C286040800026FC5E /* Alert.swift */; };
		C4AB531F28604DC50026FC5E /* PdfExporter.swift in Sources */ = {isa = PBXBuildFile; fileRef = C4AB531E28604DC50026FC5E /* PdfExporter.swift */; };
/* End PBXBuildFile section */

/* Begin PBXFileReference section */
		583BBAA96DF1555817729F02 /* Pods_PdfZipExporter.framework */ = {isa = PBXFileReference; explicitFileType = wrapper.framework; includeInIndex = 0; path = Pods_PdfZipExporter.framework; sourceTree = BUILT_PRODUCTS_DIR; };
		B4E43202D32E660F55EB1253 /* Pods-PdfZipExporter.release.xcconfig */ = {isa = PBXFileReference; includeInIndex = 1; lastKnownFileType = text.xcconfig; name = "Pods-PdfZipExporter.release.xcconfig"; path = "Target Support Files/Pods-PdfZipExporter/Pods-PdfZipExporter.release.xcconfig"; sourceTree = "<group>"; };
		C45F6481285C99D400D32A37 /* PdfZipExporter.app */ = {isa = PBXFileReference; explicitFileType = wrapper.application; includeInIndex = 0; path = PdfZipExporter.app; sourceTree = BUILT_PRODUCTS_DIR; };
		C45F6484285C99D400D32A37 /* AppDelegate.swift */ = {isa = PBXFileReference; lastKnownFileType = sourcecode.swift; path = AppDelegate.swift; sourceTree = "<group>"; };
		C45F6486285C99D400D32A37 /* SceneDelegate.swift */ = {isa = PBXFileReference; lastKnownFileType = sourcecode.swift; path = SceneDelegate.swift; sourceTree = "<group>"; };
		C45F6488285C99D400D32A37 /* ViewController.swift */ = {isa = PBXFileReference; lastKnownFileType = sourcecode.swift; path = ViewController.swift; sourceTree = "<group>"; };
		C45F648B285C99D400D32A37 /* Base */ = {isa = PBXFileReference; lastKnownFileType = file.storyboard; name = Base; path = Base.lproj/Main.storyboard; sourceTree = "<group>"; };
		C45F648D285C99D600D32A37 /* Assets.xcassets */ = {isa = PBXFileReference; lastKnownFileType = folder.assetcatalog; path = Assets.xcassets; sourceTree = "<group>"; };
		C45F6490285C99D600D32A37 /* Base */ = {isa = PBXFileReference; lastKnownFileType = file.storyboard; name = Base; path = Base.lproj/LaunchScreen.storyboard; sourceTree = "<group>"; };
		C45F6492285C99D600D32A37 /* Info.plist */ = {isa = PBXFileReference; lastKnownFileType = text.plist.xml; path = Info.plist; sourceTree = "<group>"; };
		C45F6498285C9CD800D32A37 /* ZButton.swift */ = {isa = PBXFileReference; lastKnownFileType = sourcecode.swift; path = ZButton.swift; sourceTree = "<group>"; };
		C45F649A285C9FE000D32A37 /* Observable.swift */ = {isa = PBXFileReference; lastKnownFileType = sourcecode.swift; path = Observable.swift; sourceTree = "<group>"; };
		C45F649C285CA1A200D32A37 /* PDFDocument+.swift */ = {isa = PBXFileReference; lastKnownFileType = sourcecode.swift; path = "PDFDocument+.swift"; sourceTree = "<group>"; };
		C45F649E285CA41500D32A37 /* PdfViewController.swift */ = {isa = PBXFileReference; lastKnownFileType = sourcecode.swift; path = PdfViewController.swift; sourceTree = "<group>"; };
		C45F64A0285CB5A400D32A37 /* ZipUtilities.swift */ = {isa = PBXFileReference; lastKnownFileType = sourcecode.swift; path = ZipUtilities.swift; sourceTree = "<group>"; };
		C4AB531A285DA7D90026FC5E /* FileManager+.swift */ = {isa = PBXFileReference; lastKnownFileType = sourcecode.swift; path = "FileManager+.swift"; sourceTree = "<group>"; };
		C4AB531C286040800026FC5E /* Alert.swift */ = {isa = PBXFileReference; lastKnownFileType = sourcecode.swift; path = Alert.swift; sourceTree = "<group>"; };
		C4AB531E28604DC50026FC5E /* PdfExporter.swift */ = {isa = PBXFileReference; lastKnownFileType = sourcecode.swift; path = PdfExporter.swift; sourceTree = "<group>"; };
		EF90B697371F378503D31B9E /* Pods-PdfZipExporter.debug.xcconfig */ = {isa = PBXFileReference; includeInIndex = 1; lastKnownFileType = text.xcconfig; name = "Pods-PdfZipExporter.debug.xcconfig"; path = "Target Support Files/Pods-PdfZipExporter/Pods-PdfZipExporter.debug.xcconfig"; sourceTree = "<group>"; };
/* End PBXFileReference section */

/* Begin PBXFrameworksBuildPhase section */
		C45F647E285C99D400D32A37 /* Frameworks */ = {
			isa = PBXFrameworksBuildPhase;
			buildActionMask = 2147483647;
			files = (
				4765ABE376A19918F697E92D /* Pods_PdfZipExporter.framework in Frameworks */,
			);
			runOnlyForDeploymentPostprocessing = 0;
		};
/* End PBXFrameworksBuildPhase section */

/* Begin PBXGroup section */
		338AA8D1E17026CD0664E805 /* Pods */ = {
			isa = PBXGroup;
			children = (
				EF90B697371F378503D31B9E /* Pods-PdfZipExporter.debug.xcconfig */,
				B4E43202D32E660F55EB1253 /* Pods-PdfZipExporter.release.xcconfig */,
			);
			path = Pods;
			sourceTree = "<group>";
		};
		6BA7FBA8BB2F298C55227B71 /* Frameworks */ = {
			isa = PBXGroup;
			children = (
				583BBAA96DF1555817729F02 /* Pods_PdfZipExporter.framework */,
			);
			name = Frameworks;
			sourceTree = "<group>";
		};
		C45F6478285C99D400D32A37 = {
			isa = PBXGroup;
			children = (
				C45F6483285C99D400D32A37 /* PdfZipExporter */,
				C45F6482285C99D400D32A37 /* Products */,
				338AA8D1E17026CD0664E805 /* Pods */,
				6BA7FBA8BB2F298C55227B71 /* Frameworks */,
			);
			sourceTree = "<group>";
		};
		C45F6482285C99D400D32A37 /* Products */ = {
			isa = PBXGroup;
			children = (
				C45F6481285C99D400D32A37 /* PdfZipExporter.app */,
			);
			name = Products;
			sourceTree = "<group>";
		};
		C45F6483285C99D400D32A37 /* PdfZipExporter */ = {
			isa = PBXGroup;
			children = (
				C45F6484285C99D400D32A37 /* AppDelegate.swift */,
				C45F649A285C9FE000D32A37 /* Observable.swift */,
				C45F6486285C99D400D32A37 /* SceneDelegate.swift */,
				C45F649E285CA41500D32A37 /* PdfViewController.swift */,
				C45F6488285C99D400D32A37 /* ViewController.swift */,
				C45F648A285C99D400D32A37 /* Main.storyboard */,
				C45F648D285C99D600D32A37 /* Assets.xcassets */,
				C45F648F285C99D600D32A37 /* LaunchScreen.storyboard */,
				C45F6492285C99D600D32A37 /* Info.plist */,
				C45F6498285C9CD800D32A37 /* ZButton.swift */,
				C45F649C285CA1A200D32A37 /* PDFDocument+.swift */,
				C4AB531A285DA7D90026FC5E /* FileManager+.swift */,
				C45F64A0285CB5A400D32A37 /* ZipUtilities.swift */,
				C4AB531C286040800026FC5E /* Alert.swift */,
				C4AB531E28604DC50026FC5E /* PdfExporter.swift */,
			);
			path = PdfZipExporter;
			sourceTree = "<group>";
		};
/* End PBXGroup section */

/* Begin PBXNativeTarget section */
		C45F6480285C99D400D32A37 /* PdfZipExporter */ = {
			isa = PBXNativeTarget;
			buildConfigurationList = C45F6495285C99D600D32A37 /* Build configuration list for PBXNativeTarget "PdfZipExporter" */;
			buildPhases = (
				0E960BB7B1C11731E93E84EB /* [CP] Check Pods Manifest.lock */,
				C45F647D285C99D400D32A37 /* Sources */,
				C45F647E285C99D400D32A37 /* Frameworks */,
				C45F647F285C99D400D32A37 /* Resources */,
				58E684E8C47EB12637AB67D7 /* [CP] Embed Pods Frameworks */,
			);
			buildRules = (
			);
			dependencies = (
			);
			name = PdfZipExporter;
			productName = PdfZipExporter;
			productReference = C45F6481285C99D400D32A37 /* PdfZipExporter.app */;
			productType = "com.apple.product-type.application";
		};
/* End PBXNativeTarget section */

/* Begin PBXProject section */
		C45F6479285C99D400D32A37 /* Project object */ = {
			isa = PBXProject;
			attributes = {
				BuildIndependentTargetsInParallel = 1;
				LastSwiftUpdateCheck = 1340;
				LastUpgradeCheck = 1340;
				TargetAttributes = {
					C45F6480285C99D400D32A37 = {
						CreatedOnToolsVersion = 13.4.1;
					};
				};
			};
			buildConfigurationList = C45F647C285C99D400D32A37 /* Build configuration list for PBXProject "PdfZipExporter" */;
			compatibilityVersion = "Xcode 13.0";
			developmentRegion = en;
			hasScannedForEncodings = 0;
			knownRegions = (
				en,
				Base,
			);
			mainGroup = C45F6478285C99D400D32A37;
			productRefGroup = C45F6482285C99D400D32A37 /* Products */;
			projectDirPath = "";
			projectRoot = "";
			targets = (
				C45F6480285C99D400D32A37 /* PdfZipExporter */,
			);
		};
/* End PBXProject section */

/* Begin PBXResourcesBuildPhase section */
		C45F647F285C99D400D32A37 /* Resources */ = {
			isa = PBXResourcesBuildPhase;
			buildActionMask = 2147483647;
			files = (
				C45F6491285C99D600D32A37 /* LaunchScreen.storyboard in Resources */,
				C45F648E285C99D600D32A37 /* Assets.xcassets in Resources */,
				C45F648C285C99D400D32A37 /* Main.storyboard in Resources */,
			);
			runOnlyForDeploymentPostprocessing = 0;
		};
/* End PBXResourcesBuildPhase section */

/* Begin PBXShellScriptBuildPhase section */
		0E960BB7B1C11731E93E84EB /* [CP] Check Pods Manifest.lock */ = {
			isa = PBXShellScriptBuildPhase;
			buildActionMask = 2147483647;
			files = (
			);
			inputFileListPaths = (
			);
			inputPaths = (
				"${PODS_PODFILE_DIR_PATH}/Podfile.lock",
				"${PODS_ROOT}/Manifest.lock",
			);
			name = "[CP] Check Pods Manifest.lock";
			outputFileListPaths = (
			);
			outputPaths = (
				"$(DERIVED_FILE_DIR)/Pods-PdfZipExporter-checkManifestLockResult.txt",
			);
			runOnlyForDeploymentPostprocessing = 0;
			shellPath = /bin/sh;
			shellScript = "diff \"${PODS_PODFILE_DIR_PATH}/Podfile.lock\" \"${PODS_ROOT}/Manifest.lock\" > /dev/null\nif [ $? != 0 ] ; then\n    # print error to STDERR\n    echo \"error: The sandbox is not in sync with the Podfile.lock. Run 'pod install' or update your CocoaPods installation.\" >&2\n    exit 1\nfi\n# This output is used by Xcode 'outputs' to avoid re-running this script phase.\necho \"SUCCESS\" > \"${SCRIPT_OUTPUT_FILE_0}\"\n";
			showEnvVarsInLog = 0;
		};
		58E684E8C47EB12637AB67D7 /* [CP] Embed Pods Frameworks */ = {
			isa = PBXShellScriptBuildPhase;
			buildActionMask = 2147483647;
			files = (
			);
			inputFileListPaths = (
				"${PODS_ROOT}/Target Support Files/Pods-PdfZipExporter/Pods-PdfZipExporter-frameworks-${CONFIGURATION}-input-files.xcfilelist",
			);
			name = "[CP] Embed Pods Frameworks";
			outputFileListPaths = (
				"${PODS_ROOT}/Target Support Files/Pods-PdfZipExporter/Pods-PdfZipExporter-frameworks-${CONFIGURATION}-output-files.xcfilelist",
			);
			runOnlyForDeploymentPostprocessing = 0;
			shellPath = /bin/sh;
			shellScript = "\"${PODS_ROOT}/Target Support Files/Pods-PdfZipExporter/Pods-PdfZipExporter-frameworks.sh\"\n";
			showEnvVarsInLog = 0;
		};
/* End PBXShellScriptBuildPhase section */

/* Begin PBXSourcesBuildPhase section */
		C45F647D285C99D400D32A37 /* Sources */ = {
			isa = PBXSourcesBuildPhase;
			buildActionMask = 2147483647;
			files = (
				C4AB531B285DA7D90026FC5E /* FileManager+.swift in Sources */,
				C45F649F285CA41500D32A37 /* PdfViewController.swift in Sources */,
				C45F6489285C99D400D32A37 /* ViewController.swift in Sources */,
				C45F649B285C9FE000D32A37 /* Observable.swift in Sources */,
				C45F6485285C99D400D32A37 /* AppDelegate.swift in Sources */,
				C4AB531F28604DC50026FC5E /* PdfExporter.swift in Sources */,
				C45F64A1285CB5A400D32A37 /* ZipUtilities.swift in Sources */,
				C45F6499285C9CD800D32A37 /* ZButton.swift in Sources */,
				C45F6487285C99D400D32A37 /* SceneDelegate.swift in Sources */,
				C4AB531D286040800026FC5E /* Alert.swift in Sources */,
				C45F649D285CA1A200D32A37 /* PDFDocument+.swift in Sources */,
			);
			runOnlyForDeploymentPostprocessing = 0;
		};
/* End PBXSourcesBuildPhase section */

/* Begin PBXVariantGroup section */
		C45F648A285C99D400D32A37 /* Main.storyboard */ = {
			isa = PBXVariantGroup;
			children = (
				C45F648B285C99D400D32A37 /* Base */,
			);
			name = Main.storyboard;
			sourceTree = "<group>";
		};
		C45F648F285C99D600D32A37 /* LaunchScreen.storyboard */ = {
			isa = PBXVariantGroup;
			children = (
				C45F6490285C99D600D32A37 /* Base */,
			);
			name = LaunchScreen.storyboard;
			sourceTree = "<group>";
		};
/* End PBXVariantGroup section */

/* Begin XCBuildConfiguration section */
		C45F6493285C99D600D32A37 /* Debug */ = {
			isa = XCBuildConfiguration;
			buildSettings = {
				ALWAYS_SEARCH_USER_PATHS = NO;
				CLANG_ANALYZER_NONNULL = YES;
				CLANG_ANALYZER_NUMBER_OBJECT_CONVERSION = YES_AGGRESSIVE;
				CLANG_CXX_LANGUAGE_STANDARD = "gnu++17";
				CLANG_ENABLE_MODULES = YES;
				CLANG_ENABLE_OBJC_ARC = YES;
				CLANG_ENABLE_OBJC_WEAK = YES;
				CLANG_WARN_BLOCK_CAPTURE_AUTORELEASING = YES;
				CLANG_WARN_BOOL_CONVERSION = YES;
				CLANG_WARN_COMMA = YES;
				CLANG_WARN_CONSTANT_CONVERSION = YES;
				CLANG_WARN_DEPRECATED_OBJC_IMPLEMENTATIONS = YES;
				CLANG_WARN_DIRECT_OBJC_ISA_USAGE = YES_ERROR;
				CLANG_WARN_DOCUMENTATION_COMMENTS = YES;
				CLANG_WARN_EMPTY_BODY = YES;
				CLANG_WARN_ENUM_CONVERSION = YES;
				CLANG_WARN_INFINITE_RECURSION = YES;
				CLANG_WARN_INT_CONVERSION = YES;
				CLANG_WARN_NON_LITERAL_NULL_CONVERSION = YES;
				CLANG_WARN_OBJC_IMPLICIT_RETAIN_SELF = YES;
				CLANG_WARN_OBJC_LITERAL_CONVERSION = YES;
				CLANG_WARN_OBJC_ROOT_CLASS = YES_ERROR;
				CLANG_WARN_QUOTED_INCLUDE_IN_FRAMEWORK_HEADER = YES;
				CLANG_WARN_RANGE_LOOP_ANALYSIS = YES;
				CLANG_WARN_STRICT_PROTOTYPES = YES;
				CLANG_WARN_SUSPICIOUS_MOVE = YES;
				CLANG_WARN_UNGUARDED_AVAILABILITY = YES_AGGRESSIVE;
				CLANG_WARN_UNREACHABLE_CODE = YES;
				CLANG_WARN__DUPLICATE_METHOD_MATCH = YES;
				COPY_PHASE_STRIP = NO;
				DEBUG_INFORMATION_FORMAT = dwarf;
				ENABLE_STRICT_OBJC_MSGSEND = YES;
				ENABLE_TESTABILITY = YES;
				GCC_C_LANGUAGE_STANDARD = gnu11;
				GCC_DYNAMIC_NO_PIC = NO;
				GCC_NO_COMMON_BLOCKS = YES;
				GCC_OPTIMIZATION_LEVEL = 0;
				GCC_PREPROCESSOR_DEFINITIONS = (
					"DEBUG=1",
					"$(inherited)",
				);
				GCC_WARN_64_TO_32_BIT_CONVERSION = YES;
				GCC_WARN_ABOUT_RETURN_TYPE = YES_ERROR;
				GCC_WARN_UNDECLARED_SELECTOR = YES;
				GCC_WARN_UNINITIALIZED_AUTOS = YES_AGGRESSIVE;
				GCC_WARN_UNUSED_FUNCTION = YES;
				GCC_WARN_UNUSED_VARIABLE = YES;
				IPHONEOS_DEPLOYMENT_TARGET = 15.5;
				MTL_ENABLE_DEBUG_INFO = INCLUDE_SOURCE;
				MTL_FAST_MATH = YES;
				ONLY_ACTIVE_ARCH = YES;
				SDKROOT = iphoneos;
				SWIFT_ACTIVE_COMPILATION_CONDITIONS = DEBUG;
				SWIFT_OPTIMIZATION_LEVEL = "-Onone";
			};
			name = Debug;
		};
		C45F6494285C99D600D32A37 /* Release */ = {
			isa = XCBuildConfiguration;
			buildSettings = {
				ALWAYS_SEARCH_USER_PATHS = NO;
				CLANG_ANALYZER_NONNULL = YES;
				CLANG_ANALYZER_NUMBER_OBJECT_CONVERSION = YES_AGGRESSIVE;
				CLANG_CXX_LANGUAGE_STANDARD = "gnu++17";
				CLANG_ENABLE_MODULES = YES;
				CLANG_ENABLE_OBJC_ARC = YES;
				CLANG_ENABLE_OBJC_WEAK = YES;
				CLANG_WARN_BLOCK_CAPTURE_AUTORELEASING = YES;
				CLANG_WARN_BOOL_CONVERSION = YES;
				CLANG_WARN_COMMA = YES;
				CLANG_WARN_CONSTANT_CONVERSION = YES;
				CLANG_WARN_DEPRECATED_OBJC_IMPLEMENTATIONS = YES;
				CLANG_WARN_DIRECT_OBJC_ISA_USAGE = YES_ERROR;
				CLANG_WARN_DOCUMENTATION_COMMENTS = YES;
				CLANG_WARN_EMPTY_BODY = YES;
				CLANG_WARN_ENUM_CONVERSION = YES;
				CLANG_WARN_INFINITE_RECURSION = YES;
				CLANG_WARN_INT_CONVERSION = YES;
				CLANG_WARN_NON_LITERAL_NULL_CONVERSION = YES;
				CLANG_WARN_OBJC_IMPLICIT_RETAIN_SELF = YES;
				CLANG_WARN_OBJC_LITERAL_CONVERSION = YES;
				CLANG_WARN_OBJC_ROOT_CLASS = YES_ERROR;
				CLANG_WARN_QUOTED_INCLUDE_IN_FRAMEWORK_HEADER = YES;
				CLANG_WARN_RANGE_LOOP_ANALYSIS = YES;
				CLANG_WARN_STRICT_PROTOTYPES = YES;
				CLANG_WARN_SUSPICIOUS_MOVE = YES;
				CLANG_WARN_UNGUARDED_AVAILABILITY = YES_AGGRESSIVE;
				CLANG_WARN_UNREACHABLE_CODE = YES;
				CLANG_WARN__DUPLICATE_METHOD_MATCH = YES;
				COPY_PHASE_STRIP = NO;
				DEBUG_INFORMATION_FORMAT = "dwarf-with-dsym";
				ENABLE_NS_ASSERTIONS = NO;
				ENABLE_STRICT_OBJC_MSGSEND = YES;
				GCC_C_LANGUAGE_STANDARD = gnu11;
				GCC_NO_COMMON_BLOCKS = YES;
				GCC_WARN_64_TO_32_BIT_CONVERSION = YES;
				GCC_WARN_ABOUT_RETURN_TYPE = YES_ERROR;
				GCC_WARN_UNDECLARED_SELECTOR = YES;
				GCC_WARN_UNINITIALIZED_AUTOS = YES_AGGRESSIVE;
				GCC_WARN_UNUSED_FUNCTION = YES;
				GCC_WARN_UNUSED_VARIABLE = YES;
				IPHONEOS_DEPLOYMENT_TARGET = 15.5;
				MTL_ENABLE_DEBUG_INFO = NO;
				MTL_FAST_MATH = YES;
				SDKROOT = iphoneos;
				SWIFT_COMPILATION_MODE = wholemodule;
				SWIFT_OPTIMIZATION_LEVEL = "-O";
				VALIDATE_PRODUCT = YES;
			};
			name = Release;
		};
		C45F6496285C99D600D32A37 /* Debug */ = {
			isa = XCBuildConfiguration;
			baseConfigurationReference = EF90B697371F378503D31B9E /* Pods-PdfZipExporter.debug.xcconfig */;
			buildSettings = {
				ASSETCATALOG_COMPILER_APPICON_NAME = AppIcon;
				ASSETCATALOG_COMPILER_GLOBAL_ACCENT_COLOR_NAME = AccentColor;
				CODE_SIGN_STYLE = Automatic;
				CURRENT_PROJECT_VERSION = 1;
				GENERATE_INFOPLIST_FILE = YES;
				INFOPLIST_FILE = PdfZipExporter/Info.plist;
				INFOPLIST_KEY_UIApplicationSupportsIndirectInputEvents = YES;
				INFOPLIST_KEY_UILaunchStoryboardName = LaunchScreen;
				INFOPLIST_KEY_UIMainStoryboardFile = Main;
				INFOPLIST_KEY_UISupportedInterfaceOrientations_iPad = "UIInterfaceOrientationPortrait UIInterfaceOrientationPortraitUpsideDown UIInterfaceOrientationLandscapeLeft UIInterfaceOrientationLandscapeRight";
				INFOPLIST_KEY_UISupportedInterfaceOrientations_iPhone = "UIInterfaceOrientationPortrait UIInterfaceOrientationLandscapeLeft UIInterfaceOrientationLandscapeRight";
				LD_RUNPATH_SEARCH_PATHS = (
					"$(inherited)",
					"@executable_path/Frameworks",
				);
				MARKETING_VERSION = 1.0;
				PRODUCT_BUNDLE_IDENTIFIER = com.navaneethan.g.PdfZipExporter;
				PRODUCT_NAME = "$(TARGET_NAME)";
				SWIFT_EMIT_LOC_STRINGS = YES;
				SWIFT_VERSION = 5.0;
				TARGETED_DEVICE_FAMILY = "1,2";
			};
			name = Debug;
		};
		C45F6497285C99D600D32A37 /* Release */ = {
			isa = XCBuildConfiguration;
			baseConfigurationReference = B4E43202D32E660F55EB1253 /* Pods-PdfZipExporter.release.xcconfig */;
			buildSettings = {
				ASSETCATALOG_COMPILER_APPICON_NAME = AppIcon;
				ASSETCATALOG_COMPILER_GLOBAL_ACCENT_COLOR_NAME = AccentColor;
				CODE_SIGN_STYLE = Automatic;
				CURRENT_PROJECT_VERSION = 1;
				GENERATE_INFOPLIST_FILE = YES;
				INFOPLIST_FILE = PdfZipExporter/Info.plist;
				INFOPLIST_KEY_UIApplicationSupportsIndirectInputEvents = YES;
				INFOPLIST_KEY_UILaunchStoryboardName = LaunchScreen;
				INFOPLIST_KEY_UIMainStoryboardFile = Main;
				INFOPLIST_KEY_UISupportedInterfaceOrientations_iPad = "UIInterfaceOrientationPortrait UIInterfaceOrientationPortraitUpsideDown UIInterfaceOrientationLandscapeLeft UIInterfaceOrientationLandscapeRight";
				INFOPLIST_KEY_UISupportedInterfaceOrientations_iPhone = "UIInterfaceOrientationPortrait UIInterfaceOrientationLandscapeLeft UIInterfaceOrientationLandscapeRight";
				LD_RUNPATH_SEARCH_PATHS = (
					"$(inherited)",
					"@executable_path/Frameworks",
				);
				MARKETING_VERSION = 1.0;
				PRODUCT_BUNDLE_IDENTIFIER = com.navaneethan.g.PdfZipExporter;
				PRODUCT_NAME = "$(TARGET_NAME)";
				SWIFT_EMIT_LOC_STRINGS = YES;
				SWIFT_VERSION = 5.0;
				TARGETED_DEVICE_FAMILY = "1,2";
			};
			name = Release;
		};
/* End XCBuildConfiguration section */

/* Begin XCConfigurationList section */
		C45F647C285C99D400D32A37 /* Build configuration list for PBXProject "PdfZipExporter" */ = {
			isa = XCConfigurationList;
			buildConfigurations = (
				C45F6493285C99D600D32A37 /* Debug */,
				C45F6494285C99D600D32A37 /* Release */,
			);
			defaultConfigurationIsVisible = 0;
			defaultConfigurationName = Release;
		};
		C45F6495285C99D600D32A37 /* Build configuration list for PBXNativeTarget "PdfZipExporter" */ = {
			isa = XCConfigurationList;
			buildConfigurations = (
				C45F6496285C99D600D32A37 /* Debug */,
				C45F6497285C99D600D32A37 /* Release */,
			);
			defaultConfigurationIsVisible = 0;
			defaultConfigurationName = Release;
		};
/* End XCConfigurationList section */
	};
	rootObject = C45F6479285C99D400D32A37 /* Project object */;
}
